<?xml version="1.0" encoding="UTF-8"?>
<!--
  SpektrafilmFrontend — the fast suite.

  Same test bundle as `SpektrafilmTests`, with `ServiceIntegrationTests`
  skipped. That one class spawns `python -m spektrafilm.service` and renders a
  real negative, which is the only thing in the bundle that generates pixels;
  everything else is layout, geometry, colour math on synthetic textures, and
  wire-name checks.

  Use it for UI/layout/behaviour changes. Run `SpektrafilmTests` (the full
  suite) whenever the change touches `Service/Methods.swift`,
  `Model/Params.swift`'s wire names, or `src/spektrafilm/service/` — those are
  exactly what the skipped class guards, and a frontend edit can break them
  silently.
-->
<Scheme
   LastUpgradeVersion = "2660"
   version = "1.7">
   <BuildAction
      parallelizeBuildables = "YES"
      buildImplicitDependencies = "YES"
      buildArchitectures = "Automatic">
   </BuildAction>
   <TestAction
      buildConfiguration = "Debug"
      selectedDebuggerIdentifier = "Xcode.DebuggerFoundation.Debugger.LLDB"
      selectedLauncherIdentifier = "Xcode.DebuggerFoundation.Launcher.LLDB"
      shouldUseLaunchSchemeArgsEnv = "YES"
      shouldAutocreateTestPlan = "YES">
      <Testables>
         <TestableReference
            skipped = "NO">
            <BuildableReference
               BuildableIdentifier = "primary"
               BlueprintIdentifier = "7EC8F98B7A265120217712DE"
               BuildableName = "SpektrafilmTests.xctest"
               BlueprintName = "SpektrafilmTests"
               ReferencedContainer = "container:Spektrafilm.xcodeproj">
            </BuildableReference>
            <SkippedTests>
               <Test
                  Identifier = "ServiceIntegrationTests">
               </Test>
            </SkippedTests>
         </TestableReference>
      </Testables>
   </TestAction>
   <LaunchAction
      buildConfiguration = "Debug"
      selectedDebuggerIdentifier = "Xcode.DebuggerFoundation.Debugger.LLDB"
      selectedLauncherIdentifier = "Xcode.DebuggerFoundation.Launcher.LLDB"
      launchStyle = "0"
      useCustomWorkingDirectory = "NO"
      ignoresPersistentStateOnLaunch = "NO"
      debugDocumentVersioning = "YES"
      debugServiceExtension = "internal"
      allowLocationSimulation = "YES">
      <BuildableProductRunnable
         runnableDebuggingMode = "0">
         <BuildableReference
            BuildableIdentifier = "primary"
            BlueprintIdentifier = "29C7B681C8D62CBAC94D51C0"
            BuildableName = "Spektrafilm.app"
            BlueprintName = "Spektrafilm"
            ReferencedContainer = "container:Spektrafilm.xcodeproj">
         </BuildableReference>
      </BuildableProductRunnable>
   </LaunchAction>
   <ProfileAction
      buildConfiguration = "Release"
      shouldUseLaunchSchemeArgsEnv = "YES"
      savedToolIdentifier = ""
      useCustomWorkingDirectory = "NO"
      debugDocumentVersioning = "YES">
      <MacroExpansion>
         <BuildableReference
            BuildableIdentifier = "primary"
            BlueprintIdentifier = "29C7B681C8D62CBAC94D51C0"
            BuildableName = "Spektrafilm.app"
            BlueprintName = "Spektrafilm"
            ReferencedContainer = "container:Spektrafilm.xcodeproj">
         </BuildableReference>
      </MacroExpansion>
   </ProfileAction>
   <AnalyzeAction
      buildConfiguration = "Debug">
   </AnalyzeAction>
   <ArchiveAction
      buildConfiguration = "Release"
      revealArchiveInOrganizer = "YES">
   </ArchiveAction>
</Scheme>
