// !$*UTF8*$!
{
	archiveVersion = 1;
	classes = {
	};
	objectVersion = 56;
	objects = {
		B3BB9DBEA1A17633DDF664D8 /* Assets.xcassets */ = {isa = PBXFileReference; lastKnownFileType = folder.assetcatalog; path = "Assets.xcassets"; sourceTree = "<group>"; };
		D833219FFB0F900226F7C11B /* CompareOverlay.swift */ = {isa = PBXFileReference; lastKnownFileType = sourcecode.swift; path = "CompareOverlay.swift"; sourceTree = "<group>"; };
		AA607E33BF94A8283F305AAF /* CropOverlay.swift */ = {isa = PBXFileReference; lastKnownFileType = sourcecode.swift; path = "CropOverlay.swift"; sourceTree = "<group>"; };
		DBEF4993D7D881A08C1AD325 /* MaskOverlay.swift */ = {isa = PBXFileReference; lastKnownFileType = sourcecode.swift; path = "MaskOverlay.swift"; sourceTree = "<group>"; };
		F1C802D1951CEEA5C530DA35 /* MetalCanvasView.swift */ = {isa = PBXFileReference; lastKnownFileType = sourcecode.swift; path = "MetalCanvasView.swift"; sourceTree = "<group>"; };
		9E43B22E1C18E975DFA3F5D0 /* Renderer.swift */ = {isa = PBXFileReference; lastKnownFileType = sourcecode.swift; path = "Renderer.swift"; sourceTree = "<group>"; };
		BD634610E4EF60B3A7456BFF /* Shaders.metal */ = {isa = PBXFileReference; lastKnownFileType = sourcecode.metal; path = "Shaders.metal"; sourceTree = "<group>"; };
		0FE8A1866CD7E9333B3785F6 /* TextureStore.swift */ = {isa = PBXFileReference; lastKnownFileType = sourcecode.swift; path = "TextureStore.swift"; sourceTree = "<group>"; };
		5A21271DC53AF211CC7495D1 /* ViewportState.swift */ = {isa = PBXFileReference; lastKnownFileType = sourcecode.swift; path = "ViewportState.swift"; sourceTree = "<group>"; };
		33B5E19BBBBE1097AB841158 /* Canvas */ = {
			isa = PBXGroup;
			children = (
				D833219FFB0F900226F7C11B /* CompareOverlay.swift */,
				AA607E33BF94A8283F305AAF /* CropOverlay.swift */,
				DBEF4993D7D881A08C1AD325 /* MaskOverlay.swift */,
				F1C802D1951CEEA5C530DA35 /* MetalCanvasView.swift */,
				9E43B22E1C18E975DFA3F5D0 /* Renderer.swift */,
				BD634610E4EF60B3A7456BFF /* Shaders.metal */,
				0FE8A1866CD7E9333B3785F6 /* TextureStore.swift */,
				5A21271DC53AF211CC7495D1 /* ViewportState.swift */
			);
			path = "Canvas";
			sourceTree = "<group>";
		};
		0DE34BAB3C8EEA66883F8B16 /* BeforeAfterIcon.swift */ = {isa = PBXFileReference; lastKnownFileType = sourcecode.swift; path = "BeforeAfterIcon.swift"; sourceTree = "<group>"; };
		C4E72BD57C7D1854F1EA4AFD /* ColorWheel.swift */ = {isa = PBXFileReference; lastKnownFileType = sourcecode.swift; path = "ColorWheel.swift"; sourceTree = "<group>"; };
		A3EE4F1C2370AB63EC092E76 /* CurveEditor.swift */ = {isa = PBXFileReference; lastKnownFileType = sourcecode.swift; path = "CurveEditor.swift"; sourceTree = "<group>"; };
		D113909FD3431CDE20C0685A /* FormatPicker.swift */ = {isa = PBXFileReference; lastKnownFileType = sourcecode.swift; path = "FormatPicker.swift"; sourceTree = "<group>"; };
		B0B343670D3D8DA1AD2BD738 /* HistogramView.swift */ = {isa = PBXFileReference; lastKnownFileType = sourcecode.swift; path = "HistogramView.swift"; sourceTree = "<group>"; };
		1583CD614977ADA636F7C8F3 /* KelvinSlider.swift */ = {isa = PBXFileReference; lastKnownFileType = sourcecode.swift; path = "KelvinSlider.swift"; sourceTree = "<group>"; };
		75B21342E54AF8A41C7C9277 /* ScrubSlider.swift */ = {isa = PBXFileReference; lastKnownFileType = sourcecode.swift; path = "ScrubSlider.swift"; sourceTree = "<group>"; };
		D748065BA93523D6250569FD /* SectionHeader.swift */ = {isa = PBXFileReference; lastKnownFileType = sourcecode.swift; path = "SectionHeader.swift"; sourceTree = "<group>"; };
		FB1B7C9B6A44EB19A7092203 /* Controls */ = {
			isa = PBXGroup;
			children = (
				0DE34BAB3C8EEA66883F8B16 /* BeforeAfterIcon.swift */,
				C4E72BD57C7D1854F1EA4AFD /* ColorWheel.swift */,
				A3EE4F1C2370AB63EC092E76 /* CurveEditor.swift */,
				D113909FD3431CDE20C0685A /* FormatPicker.swift */,
				B0B343670D3D8DA1AD2BD738 /* HistogramView.swift */,
				1583CD614977ADA636F7C8F3 /* KelvinSlider.swift */,
				75B21342E54AF8A41C7C9277 /* ScrubSlider.swift */,
				D748065BA93523D6250569FD /* SectionHeader.swift */
			);
			path = "Controls";
			sourceTree = "<group>";
		};
		74D23C25CAC3E646B8A841F2 /* Exporter.swift */ = {isa = PBXFileReference; lastKnownFileType = sourcecode.swift; path = "Exporter.swift"; sourceTree = "<group>"; };
		BF60B55D54B891A35A5C13CD /* ExportSheet.swift */ = {isa = PBXFileReference; lastKnownFileType = sourcecode.swift; path = "ExportSheet.swift"; sourceTree = "<group>"; };
		585D3E3817BD7D5177771EED /* Export */ = {
			isa = PBXGroup;
			children = (
				74D23C25CAC3E646B8A841F2 /* Exporter.swift */,
				BF60B55D54B891A35A5C13CD /* ExportSheet.swift */
			);
			path = "Export";
			sourceTree = "<group>";
		};
		80F4EA4403E27AF27CF26E36 /* ImageDecoder.swift */ = {isa = PBXFileReference; lastKnownFileType = sourcecode.swift; path = "ImageDecoder.swift"; sourceTree = "<group>"; };
		866971CD37D4A6E91C46DE89 /* Library.swift */ = {isa = PBXFileReference; lastKnownFileType = sourcecode.swift; path = "Library.swift"; sourceTree = "<group>"; };
		4A8C40B1D89C41AC2C688F49 /* ThumbnailCache.swift */ = {isa = PBXFileReference; lastKnownFileType = sourcecode.swift; path = "ThumbnailCache.swift"; sourceTree = "<group>"; };
		5B615334967FCE90A9471980 /* Import */ = {
			isa = PBXGroup;
			children = (
				80F4EA4403E27AF27CF26E36 /* ImageDecoder.swift */,
				866971CD37D4A6E91C46DE89 /* Library.swift */,
				4A8C40B1D89C41AC2C688F49 /* ThumbnailCache.swift */
			);
			path = "Import";
			sourceTree = "<group>";
		};
		71C39B01B465670E437B236A /* Adjustments.swift */ = {isa = PBXFileReference; lastKnownFileType = sourcecode.swift; path = "Adjustments.swift"; sourceTree = "<group>"; };
		DEFC5D18DE0F76F63B6585BF /* CurveMath.swift */ = {isa = PBXFileReference; lastKnownFileType = sourcecode.swift; path = "CurveMath.swift"; sourceTree = "<group>"; };
		203EDC5326A6B4E661C5C33D /* FeatureFlags.swift */ = {isa = PBXFileReference; lastKnownFileType = sourcecode.swift; path = "FeatureFlags.swift"; sourceTree = "<group>"; };
		B42CADFAD2DDC30C86107450 /* Frame.swift */ = {isa = PBXFileReference; lastKnownFileType = sourcecode.swift; path = "Frame.swift"; sourceTree = "<group>"; };
		775165734F284A7FEFF2A56B /* Geometry.swift */ = {isa = PBXFileReference; lastKnownFileType = sourcecode.swift; path = "Geometry.swift"; sourceTree = "<group>"; };
		36DE3C78E2FFDD8799170839 /* Mask.swift */ = {isa = PBXFileReference; lastKnownFileType = sourcecode.swift; path = "Mask.swift"; sourceTree = "<group>"; };
		B5B14E1EC93B103C13E1E1A1 /* Params.swift */ = {isa = PBXFileReference; lastKnownFileType = sourcecode.swift; path = "Params.swift"; sourceTree = "<group>"; };
		5C2C456F4EE4E98B15585057 /* Session.swift */ = {isa = PBXFileReference; lastKnownFileType = sourcecode.swift; path = "Session.swift"; sourceTree = "<group>"; };
		29E007863F213A53C1BF50B6 /* Sidecar.swift */ = {isa = PBXFileReference; lastKnownFileType = sourcecode.swift; path = "Sidecar.swift"; sourceTree = "<group>"; };
		149DFE7E8522384424C9D181 /* StockCatalog.swift */ = {isa = PBXFileReference; lastKnownFileType = sourcecode.swift; path = "StockCatalog.swift"; sourceTree = "<group>"; };
		0ABB492C2DA67E950C82E960 /* Model */ = {
			isa = PBXGroup;
			children = (
				71C39B01B465670E437B236A /* Adjustments.swift */,
				DEFC5D18DE0F76F63B6585BF /* CurveMath.swift */,
				203EDC5326A6B4E661C5C33D /* FeatureFlags.swift */,
				B42CADFAD2DDC30C86107450 /* Frame.swift */,
				775165734F284A7FEFF2A56B /* Geometry.swift */,
				36DE3C78E2FFDD8799170839 /* Mask.swift */,
				B5B14E1EC93B103C13E1E1A1 /* Params.swift */,
				5C2C456F4EE4E98B15585057 /* Session.swift */,
				29E007863F213A53C1BF50B6 /* Sidecar.swift */,
				149DFE7E8522384424C9D181 /* StockCatalog.swift */
			);
			path = "Model";
			sourceTree = "<group>";
		};
		DA89E3DE13C0ECF2954491DC /* CameraSection.swift */ = {isa = PBXFileReference; lastKnownFileType = sourcecode.swift; path = "CameraSection.swift"; sourceTree = "<group>"; };
		3202E6AE032BB6C3FB4D50AA /* CropSection.swift */ = {isa = PBXFileReference; lastKnownFileType = sourcecode.swift; path = "CropSection.swift"; sourceTree = "<group>"; };
		C52E4B9F80D9235685C2B90C /* EnlargerSection.swift */ = {isa = PBXFileReference; lastKnownFileType = sourcecode.swift; path = "EnlargerSection.swift"; sourceTree = "<group>"; };
		EFC23A74644572BD4150702C /* FeaturesSection.swift */ = {isa = PBXFileReference; lastKnownFileType = sourcecode.swift; path = "FeaturesSection.swift"; sourceTree = "<group>"; };
		05A30811FA9F490AD608C21E /* FilmProfileSection.swift */ = {isa = PBXFileReference; lastKnownFileType = sourcecode.swift; path = "FilmProfileSection.swift"; sourceTree = "<group>"; };
		ACE11F6E5C325E16F298B8BF /* MasksSection.swift */ = {isa = PBXFileReference; lastKnownFileType = sourcecode.swift; path = "MasksSection.swift"; sourceTree = "<group>"; };
		3B16832E40D08060737742A3 /* PrintProfileSection.swift */ = {isa = PBXFileReference; lastKnownFileType = sourcecode.swift; path = "PrintProfileSection.swift"; sourceTree = "<group>"; };
		79F55CB1FA12CCE4D48DBDD2 /* RightSections.swift */ = {isa = PBXFileReference; lastKnownFileType = sourcecode.swift; path = "RightSections.swift"; sourceTree = "<group>"; };
		22D17FB4270A45695E18F4A9 /* Sections */ = {
			isa = PBXGroup;
			children = (
				DA89E3DE13C0ECF2954491DC /* CameraSection.swift */,
				3202E6AE032BB6C3FB4D50AA /* CropSection.swift */,
				C52E4B9F80D9235685C2B90C /* EnlargerSection.swift */,
				EFC23A74644572BD4150702C /* FeaturesSection.swift */,
				05A30811FA9F490AD608C21E /* FilmProfileSection.swift */,
				ACE11F6E5C325E16F298B8BF /* MasksSection.swift */,
				3B16832E40D08060737742A3 /* PrintProfileSection.swift */,
				79F55CB1FA12CCE4D48DBDD2 /* RightSections.swift */
			);
			path = "Sections";
			sourceTree = "<group>";
		};
		C043956C2DB4E81C34A5E452 /* Filmstrip.swift */ = {isa = PBXFileReference; lastKnownFileType = sourcecode.swift; path = "Filmstrip.swift"; sourceTree = "<group>"; };
		04BAC8AF5FB181C0D831734D /* LeftPanel.swift */ = {isa = PBXFileReference; lastKnownFileType = sourcecode.swift; path = "LeftPanel.swift"; sourceTree = "<group>"; };
		772B78CD0958744461E46754 /* RightPanel.swift */ = {isa = PBXFileReference; lastKnownFileType = sourcecode.swift; path = "RightPanel.swift"; sourceTree = "<group>"; };
		F39FD4339BF48BB5DED503A8 /* Panels */ = {
			isa = PBXGroup;
			children = (
				22D17FB4270A45695E18F4A9 /* Sections */,
				C043956C2DB4E81C34A5E452 /* Filmstrip.swift */,
				04BAC8AF5FB181C0D831734D /* LeftPanel.swift */,
				772B78CD0958744461E46754 /* RightPanel.swift */
			);
			path = "Panels";
			sourceTree = "<group>";
		};
		A7794DCF9FF416E464CCCAF5 /* Resources */ = {isa = PBXFileReference; lastKnownFileType = folder; path = Resources; sourceTree = "<group>"; };
		2BFB0B0EBAFCAF7125E604BA /* EngineClient.swift */ = {isa = PBXFileReference; lastKnownFileType = sourcecode.swift; path = "EngineClient.swift"; sourceTree = "<group>"; };
		1F2DE5C37DE6D8A0B234D872 /* EngineMessage.swift */ = {isa = PBXFileReference; lastKnownFileType = sourcecode.swift; path = "EngineMessage.swift"; sourceTree = "<group>"; };
		7620E2106920D3662B73893B /* Methods.swift */ = {isa = PBXFileReference; lastKnownFileType = sourcecode.swift; path = "Methods.swift"; sourceTree = "<group>"; };
		0A832F177CFFC58269F3BF71 /* RenderScheduler.swift */ = {isa = PBXFileReference; lastKnownFileType = sourcecode.swift; path = "RenderScheduler.swift"; sourceTree = "<group>"; };
		63C4750B23BC014B47BB39F7 /* Spektrafilm-Bridging-Header.h */ = {isa = PBXFileReference; lastKnownFileType = sourcecode.c.h; path = "Spektrafilm-Bridging-Header.h"; sourceTree = "<group>"; };
		96729DDFBDA59F63F42B5AE4 /* Service */ = {
			isa = PBXGroup;
			children = (
				2BFB0B0EBAFCAF7125E604BA /* EngineClient.swift */,
				1F2DE5C37DE6D8A0B234D872 /* EngineMessage.swift */,
				7620E2106920D3662B73893B /* Methods.swift */,
				0A832F177CFFC58269F3BF71 /* RenderScheduler.swift */,
				63C4750B23BC014B47BB39F7 /* Spektrafilm-Bridging-Header.h */
			);
			path = "Service";
			sourceTree = "<group>";
		};
		C62C713435E173FF86DA4B79 /* Theme.swift */ = {isa = PBXFileReference; lastKnownFileType = sourcecode.swift; path = "Theme.swift"; sourceTree = "<group>"; };
		07AFDE042EC624B18D6D70E3 /* Theme */ = {
			isa = PBXGroup;
			children = (
				C62C713435E173FF86DA4B79 /* Theme.swift */
			);
			path = "Theme";
			sourceTree = "<group>";
		};
		B38FC5FAB10F5276BB8BDE14 /* AboutWindow.swift */ = {isa = PBXFileReference; lastKnownFileType = sourcecode.swift; path = "AboutWindow.swift"; sourceTree = "<group>"; };
		0EF32C79871CBA045B83A0EC /* BootWindow.swift */ = {isa = PBXFileReference; lastKnownFileType = sourcecode.swift; path = "BootWindow.swift"; sourceTree = "<group>"; };
		CCC4C0BD8B08402E504DF1C6 /* BrowseView.swift */ = {isa = PBXFileReference; lastKnownFileType = sourcecode.swift; path = "BrowseView.swift"; sourceTree = "<group>"; };
		DC2868ABE8E78ED02B25923C /* CollapseTab.swift */ = {isa = PBXFileReference; lastKnownFileType = sourcecode.swift; path = "CollapseTab.swift"; sourceTree = "<group>"; };
		0D2B4C950A97A46448CA2621 /* EditorWindow.swift */ = {isa = PBXFileReference; lastKnownFileType = sourcecode.swift; path = "EditorWindow.swift"; sourceTree = "<group>"; };
		C0605017666B35045568424F /* TopBar.swift */ = {isa = PBXFileReference; lastKnownFileType = sourcecode.swift; path = "TopBar.swift"; sourceTree = "<group>"; };
		5505A60E46D817CE1BB7D898 /* TrafficLights.swift */ = {isa = PBXFileReference; lastKnownFileType = sourcecode.swift; path = "TrafficLights.swift"; sourceTree = "<group>"; };
		0640FC7F6FD5092A1EB67A12 /* Windows */ = {
			isa = PBXGroup;
			children = (
				B38FC5FAB10F5276BB8BDE14 /* AboutWindow.swift */,
				0EF32C79871CBA045B83A0EC /* BootWindow.swift */,
				CCC4C0BD8B08402E504DF1C6 /* BrowseView.swift */,
				DC2868ABE8E78ED02B25923C /* CollapseTab.swift */,
				0D2B4C950A97A46448CA2621 /* EditorWindow.swift */,
				C0605017666B35045568424F /* TopBar.swift */,
				5505A60E46D817CE1BB7D898 /* TrafficLights.swift */
			);
			path = "Windows";
			sourceTree = "<group>";
		};
		5F05B4840A99577FF0F7FD99 /* Info.plist */ = {isa = PBXFileReference; lastKnownFileType = text.plist.xml; path = "Info.plist"; sourceTree = "<group>"; };
		89308E94EB4DC467DD3AD9BE /* Spektrafilm.entitlements */ = {isa = PBXFileReference; lastKnownFileType = text.plist.entitlements; path = "Spektrafilm.entitlements"; sourceTree = "<group>"; };
		2DD9510FD7E0B108E0419BA8 /* SpektrafilmApp.swift */ = {isa = PBXFileReference; lastKnownFileType = sourcecode.swift; path = "SpektrafilmApp.swift"; sourceTree = "<group>"; };
		C54B12D12E36BCE9D3C6A849 /* Spektrafilm */ = {
			isa = PBXGroup;
			children = (
				B3BB9DBEA1A17633DDF664D8 /* Assets.xcassets */,
				33B5E19BBBBE1097AB841158 /* Canvas */,
				FB1B7C9B6A44EB19A7092203 /* Controls */,
				585D3E3817BD7D5177771EED /* Export */,
				5B615334967FCE90A9471980 /* Import */,
				0ABB492C2DA67E950C82E960 /* Model */,
				F39FD4339BF48BB5DED503A8 /* Panels */,
				A7794DCF9FF416E464CCCAF5 /* Resources */,
				96729DDFBDA59F63F42B5AE4 /* Service */,
				07AFDE042EC624B18D6D70E3 /* Theme */,
				0640FC7F6FD5092A1EB67A12 /* Windows */,
				5F05B4840A99577FF0F7FD99 /* Info.plist */,
				89308E94EB4DC467DD3AD9BE /* Spektrafilm.entitlements */,
				2DD9510FD7E0B108E0419BA8 /* SpektrafilmApp.swift */
			);
			path = "Spektrafilm";
			sourceTree = "<group>";
		};
		54964C5F0C793C8B023D7B3D /* CanvasViewTests.swift */ = {isa = PBXFileReference; lastKnownFileType = sourcecode.swift; path = "CanvasViewTests.swift"; sourceTree = "<group>"; };
		4A74158CD597BA1442A8D5DB /* CompareAndFlagsTests.swift */ = {isa = PBXFileReference; lastKnownFileType = sourcecode.swift; path = "CompareAndFlagsTests.swift"; sourceTree = "<group>"; };
		84191DFFDD90B498FA79B61D /* CurveMathTests.swift */ = {isa = PBXFileReference; lastKnownFileType = sourcecode.swift; path = "CurveMathTests.swift"; sourceTree = "<group>"; };
		EABFC7609BEE9536030F8252 /* DecodeSeparationTests.swift */ = {isa = PBXFileReference; lastKnownFileType = sourcecode.swift; path = "DecodeSeparationTests.swift"; sourceTree = "<group>"; };
		636F3C7CAE483C16747BC199 /* EngineClientTests.swift */ = {isa = PBXFileReference; lastKnownFileType = sourcecode.swift; path = "EngineClientTests.swift"; sourceTree = "<group>"; };
		0C11E3535A7E084A05CDD87E /* FrontendPolicyTests.swift */ = {isa = PBXFileReference; lastKnownFileType = sourcecode.swift; path = "FrontendPolicyTests.swift"; sourceTree = "<group>"; };
		D775538E05F44A00E41CE2B8 /* GeometryContractTests.swift */ = {isa = PBXFileReference; lastKnownFileType = sourcecode.swift; path = "GeometryContractTests.swift"; sourceTree = "<group>"; };
		29B7A98BF32873446611AD12 /* GeometryTests.swift */ = {isa = PBXFileReference; lastKnownFileType = sourcecode.swift; path = "GeometryTests.swift"; sourceTree = "<group>"; };
		33F667BFDC05A1B5E173E633 /* LayoutTests.swift */ = {isa = PBXFileReference; lastKnownFileType = sourcecode.swift; path = "LayoutTests.swift"; sourceTree = "<group>"; };
		71CD96B1F1B4F3578F70BDB1 /* LicensingTests.swift */ = {isa = PBXFileReference; lastKnownFileType = sourcecode.swift; path = "LicensingTests.swift"; sourceTree = "<group>"; };
		52F07E3FC948F7FE5C6AA9CD /* MaskTests.swift */ = {isa = PBXFileReference; lastKnownFileType = sourcecode.swift; path = "MaskTests.swift"; sourceTree = "<group>"; };
		D814F36880657A2CCDFBDF50 /* OpenPathTests.swift */ = {isa = PBXFileReference; lastKnownFileType = sourcecode.swift; path = "OpenPathTests.swift"; sourceTree = "<group>"; };
		411A8657262E8C12D5C42E1C /* ParamsTests.swift */ = {isa = PBXFileReference; lastKnownFileType = sourcecode.swift; path = "ParamsTests.swift"; sourceTree = "<group>"; };
		24E3C02BC7D31D48EE0DE21F /* PrintLUTTests.swift */ = {isa = PBXFileReference; lastKnownFileType = sourcecode.swift; path = "PrintLUTTests.swift"; sourceTree = "<group>"; };
		5FE826900D110898EDE03250 /* RendererTests.swift */ = {isa = PBXFileReference; lastKnownFileType = sourcecode.swift; path = "RendererTests.swift"; sourceTree = "<group>"; };
		59F9B12A94BBB0C489970FAB /* ViewportStateTests.swift */ = {isa = PBXFileReference; lastKnownFileType = sourcecode.swift; path = "ViewportStateTests.swift"; sourceTree = "<group>"; };
		D7D5EC016672ACD0840065FF /* SpektrafilmTests */ = {
			isa = PBXGroup;
			children = (
				54964C5F0C793C8B023D7B3D /* CanvasViewTests.swift */,
				4A74158CD597BA1442A8D5DB /* CompareAndFlagsTests.swift */,
				84191DFFDD90B498FA79B61D /* CurveMathTests.swift */,
				EABFC7609BEE9536030F8252 /* DecodeSeparationTests.swift */,
				636F3C7CAE483C16747BC199 /* EngineClientTests.swift */,
				0C11E3535A7E084A05CDD87E /* FrontendPolicyTests.swift */,
				D775538E05F44A00E41CE2B8 /* GeometryContractTests.swift */,
				29B7A98BF32873446611AD12 /* GeometryTests.swift */,
				33F667BFDC05A1B5E173E633 /* LayoutTests.swift */,
				71CD96B1F1B4F3578F70BDB1 /* LicensingTests.swift */,
				52F07E3FC948F7FE5C6AA9CD /* MaskTests.swift */,
				D814F36880657A2CCDFBDF50 /* OpenPathTests.swift */,
				411A8657262E8C12D5C42E1C /* ParamsTests.swift */,
				24E3C02BC7D31D48EE0DE21F /* PrintLUTTests.swift */,
				5FE826900D110898EDE03250 /* RendererTests.swift */,
				59F9B12A94BBB0C489970FAB /* ViewportStateTests.swift */
			);
			path = "SpektrafilmTests";
			sourceTree = "<group>";
		};
		88475A49BBDD893BDA35F7E3 /* bundle-licenses.sh */ = {isa = PBXFileReference; lastKnownFileType = text.script.sh; path = "bundle-licenses.sh"; sourceTree = "<group>"; };
		2FB8FC6C5ACF2A1283E5F0D3 /* capture-live.sh */ = {isa = PBXFileReference; lastKnownFileType = text.script.sh; path = "capture-live.sh"; sourceTree = "<group>"; };
		3AE9276D751E63F786F446CB /* check-bundle-resources.sh */ = {isa = PBXFileReference; lastKnownFileType = text.script.sh; path = "check-bundle-resources.sh"; sourceTree = "<group>"; };
		456D63B058BFDB3FE1AAE8B8 /* compare-layout.py */ = {isa = PBXFileReference; lastKnownFileType = text.script.python; path = "compare-layout.py"; sourceTree = "<group>"; };
		3E310A46A749FD2EE4AB7DA9 /* gen-catalog.py */ = {isa = PBXFileReference; lastKnownFileType = text.script.python; path = "gen-catalog.py"; sourceTree = "<group>"; };
		26A58732EBDB839C2707647E /* gen-project.py */ = {isa = PBXFileReference; lastKnownFileType = text.script.python; path = "gen-project.py"; sourceTree = "<group>"; };
		AB54F177D3CFCEF00B185318 /* live-window.swift */ = {isa = PBXFileReference; lastKnownFileType = sourcecode.swift; path = "live-window.swift"; sourceTree = "<group>"; };
		8358A403AB1C7491B831426C /* make-smoke.py */ = {isa = PBXFileReference; lastKnownFileType = text.script.python; path = "make-smoke.py"; sourceTree = "<group>"; };
		6F834FA609CE88F3AAAEBE01 /* package.sh */ = {isa = PBXFileReference; lastKnownFileType = text.script.sh; path = "package.sh"; sourceTree = "<group>"; };
		5053EFD6CA09CEC1E656CF77 /* snapshot.sh */ = {isa = PBXFileReference; lastKnownFileType = text.script.sh; path = "snapshot.sh"; sourceTree = "<group>"; };
		EE640BC033BF2EB8FFDE5B2E /* Tools */ = {
			isa = PBXGroup;
			children = (
				88475A49BBDD893BDA35F7E3 /* bundle-licenses.sh */,
				2FB8FC6C5ACF2A1283E5F0D3 /* capture-live.sh */,
				3AE9276D751E63F786F446CB /* check-bundle-resources.sh */,
				456D63B058BFDB3FE1AAE8B8 /* compare-layout.py */,
				3E310A46A749FD2EE4AB7DA9 /* gen-catalog.py */,
				26A58732EBDB839C2707647E /* gen-project.py */,
				AB54F177D3CFCEF00B185318 /* live-window.swift */,
				8358A403AB1C7491B831426C /* make-smoke.py */,
				6F834FA609CE88F3AAAEBE01 /* package.sh */,
				5053EFD6CA09CEC1E656CF77 /* snapshot.sh */
			);
			path = "Tools";
			sourceTree = "<group>";
		};
		572D7C649F63F29E78404CE8 /* blob.cpp */ = {isa = PBXFileReference; lastKnownFileType = sourcecode.cpp.cpp; name = "blob.cpp"; path = "../../engine/src/core/blob.cpp"; sourceTree = SOURCE_ROOT; };
		6C9704BA005A64B5C2FCC175 /* cam16.cpp */ = {isa = PBXFileReference; lastKnownFileType = sourcecode.cpp.cpp; name = "cam16.cpp"; path = "../../engine/src/core/cam16.cpp"; sourceTree = SOURCE_ROOT; };
		368E77C826EF7E954C3196DB /* colour.cpp */ = {isa = PBXFileReference; lastKnownFileType = sourcecode.cpp.cpp; name = "colour.cpp"; path = "../../engine/src/core/colour.cpp"; sourceTree = SOURCE_ROOT; };
		A01E87D822722BA10DB32C01 /* curves.cpp */ = {isa = PBXFileReference; lastKnownFileType = sourcecode.cpp.cpp; name = "curves.cpp"; path = "../../engine/src/core/curves.cpp"; sourceTree = SOURCE_ROOT; };
		9CE68AD57575B79AC87DAF39 /* hanatos.cpp */ = {isa = PBXFileReference; lastKnownFileType = sourcecode.cpp.cpp; name = "hanatos.cpp"; path = "../../engine/src/core/hanatos.cpp"; sourceTree = SOURCE_ROOT; };
		805957811B3055D4750C38CB /* json.cpp */ = {isa = PBXFileReference; lastKnownFileType = sourcecode.cpp.cpp; name = "json.cpp"; path = "../../engine/src/core/json.cpp"; sourceTree = SOURCE_ROOT; };
		8ED0AE0B2101723D547EF2E4 /* numeric.cpp */ = {isa = PBXFileReference; lastKnownFileType = sourcecode.cpp.cpp; name = "numeric.cpp"; path = "../../engine/src/core/numeric.cpp"; sourceTree = SOURCE_ROOT; };
		B185EA171C2523DD9E2C0B63 /* params.cpp */ = {isa = PBXFileReference; lastKnownFileType = sourcecode.cpp.cpp; name = "params.cpp"; path = "../../engine/src/core/params.cpp"; sourceTree = SOURCE_ROOT; };
		ADDDCC1575169C9E11D2F457 /* print_lut.cpp */ = {isa = PBXFileReference; lastKnownFileType = sourcecode.cpp.cpp; name = "print_lut.cpp"; path = "../../engine/src/core/print_lut.cpp"; sourceTree = SOURCE_ROOT; };
		1D5E864A9E4B87B02EE76F0E /* printing.cpp */ = {isa = PBXFileReference; lastKnownFileType = sourcecode.cpp.cpp; name = "printing.cpp"; path = "../../engine/src/core/printing.cpp"; sourceTree = SOURCE_ROOT; };
		B724CE5D791200A9343BEF83 /* profile.cpp */ = {isa = PBXFileReference; lastKnownFileType = sourcecode.cpp.cpp; name = "profile.cpp"; path = "../../engine/src/core/profile.cpp"; sourceTree = SOURCE_ROOT; };
		3A5974FB4B5828787D8AE7B6 /* setup_cache.cpp */ = {isa = PBXFileReference; lastKnownFileType = sourcecode.cpp.cpp; name = "setup_cache.cpp"; path = "../../engine/src/core/setup_cache.cpp"; sourceTree = SOURCE_ROOT; };
		FCA2275CA59D6E9BAACB46AA /* spectral.cpp */ = {isa = PBXFileReference; lastKnownFileType = sourcecode.cpp.cpp; name = "spectral.cpp"; path = "../../engine/src/core/spectral.cpp"; sourceTree = SOURCE_ROOT; };
		7F7C9CDD54F54D233141591B /* metal_gpu.cpp */ = {isa = PBXFileReference; lastKnownFileType = sourcecode.cpp.cpp; name = "metal_gpu.cpp"; path = "../../engine/src/gpu/metal_gpu.cpp"; sourceTree = SOURCE_ROOT; };
		46A1D95252329E89981140C7 /* metal_impl.cpp */ = {isa = PBXFileReference; lastKnownFileType = sourcecode.cpp.cpp; name = "metal_impl.cpp"; path = "../../engine/src/gpu/metal_impl.cpp"; sourceTree = SOURCE_ROOT; };
		B9889011CD72FDBBAB75C83D /* blur.cpp */ = {isa = PBXFileReference; lastKnownFileType = sourcecode.cpp.cpp; name = "blur.cpp"; path = "../../engine/src/pipeline/blur.cpp"; sourceTree = SOURCE_ROOT; };
		0688A95F4F33FBF334225A6E /* engine.cpp */ = {isa = PBXFileReference; lastKnownFileType = sourcecode.cpp.cpp; name = "engine.cpp"; path = "../../engine/src/pipeline/engine.cpp"; sourceTree = SOURCE_ROOT; };
		D516A1BA3B2C4C39F3ACC91E /* pipeline.cpp */ = {isa = PBXFileReference; lastKnownFileType = sourcecode.cpp.cpp; name = "pipeline.cpp"; path = "../../engine/src/pipeline/pipeline.cpp"; sourceTree = SOURCE_ROOT; };
		6E206BF4A16CC067140F0164 /* Engine */ = {
			isa = PBXGroup;
			children = (
				572D7C649F63F29E78404CE8 /* blob.cpp */,
				6C9704BA005A64B5C2FCC175 /* cam16.cpp */,
				368E77C826EF7E954C3196DB /* colour.cpp */,
				A01E87D822722BA10DB32C01 /* curves.cpp */,
				9CE68AD57575B79AC87DAF39 /* hanatos.cpp */,
				805957811B3055D4750C38CB /* json.cpp */,
				8ED0AE0B2101723D547EF2E4 /* numeric.cpp */,
				B185EA171C2523DD9E2C0B63 /* params.cpp */,
				ADDDCC1575169C9E11D2F457 /* print_lut.cpp */,
				1D5E864A9E4B87B02EE76F0E /* printing.cpp */,
				B724CE5D791200A9343BEF83 /* profile.cpp */,
				3A5974FB4B5828787D8AE7B6 /* setup_cache.cpp */,
				FCA2275CA59D6E9BAACB46AA /* spectral.cpp */,
				7F7C9CDD54F54D233141591B /* metal_gpu.cpp */,
				46A1D95252329E89981140C7 /* metal_impl.cpp */,
				B9889011CD72FDBBAB75C83D /* blur.cpp */,
				0688A95F4F33FBF334225A6E /* engine.cpp */,
				D516A1BA3B2C4C39F3ACC91E /* pipeline.cpp */
			);
			name = Engine;
			sourceTree = "<group>";
		};
		B6CDB6E5D160E013280D3C68 /* Filmify.app */ = {isa = PBXFileReference; explicitFileType = wrapper.application; includeInIndex = 0; path = Filmify.app; sourceTree = BUILT_PRODUCTS_DIR; };
		E02A90D9643568EA39115CFB /* SpektrafilmTests.xctest */ = {isa = PBXFileReference; explicitFileType = wrapper.cfbundle; includeInIndex = 0; path = SpektrafilmTests.xctest; sourceTree = BUILT_PRODUCTS_DIR; };
		00C45FD35CB0F9C5F764F070 /* Products */ = {
			isa = PBXGroup;
			children = (
				B6CDB6E5D160E013280D3C68,
				E02A90D9643568EA39115CFB
			);
			name = Products;
			sourceTree = "<group>";
		};
		ADCF10F76EBF2A74473E9DC4 = {
			isa = PBXGroup;
			children = (
				C54B12D12E36BCE9D3C6A849,
				6E206BF4A16CC067140F0164,
				D7D5EC016672ACD0840065FF,
				EE640BC033BF2EB8FFDE5B2E,
				00C45FD35CB0F9C5F764F070
			);
			sourceTree = "<group>";
		};
		4229EC0CCDF6D7FAA07553FD /* CompareOverlay.swift */ = {isa = PBXBuildFile; fileRef = D833219FFB0F900226F7C11B; };
		E010F50A3F1EC874E690C46A /* CropOverlay.swift */ = {isa = PBXBuildFile; fileRef = AA607E33BF94A8283F305AAF; };
		0E2C8F4137A3B137B3E8298C /* MaskOverlay.swift */ = {isa = PBXBuildFile; fileRef = DBEF4993D7D881A08C1AD325; };
		DC3E720C171C8675BB8C6A93 /* MetalCanvasView.swift */ = {isa = PBXBuildFile; fileRef = F1C802D1951CEEA5C530DA35; };
		6665BAAC701AC01F0B5EDB92 /* Renderer.swift */ = {isa = PBXBuildFile; fileRef = 9E43B22E1C18E975DFA3F5D0; };
		7FDBA8E42A26054E171C4B76 /* Shaders.metal */ = {isa = PBXBuildFile; fileRef = BD634610E4EF60B3A7456BFF; };
		71A2B12F657443951E06F82C /* TextureStore.swift */ = {isa = PBXBuildFile; fileRef = 0FE8A1866CD7E9333B3785F6; };
		D537E15BF5A47C748A0DA943 /* ViewportState.swift */ = {isa = PBXBuildFile; fileRef = 5A21271DC53AF211CC7495D1; };
		C0BABB514F79EC8BCBCA2427 /* BeforeAfterIcon.swift */ = {isa = PBXBuildFile; fileRef = 0DE34BAB3C8EEA66883F8B16; };
		45056F6F049287A76BB04ABC /* ColorWheel.swift */ = {isa = PBXBuildFile; fileRef = C4E72BD57C7D1854F1EA4AFD; };
		9B7D2C25570FBF8F68B767B4 /* CurveEditor.swift */ = {isa = PBXBuildFile; fileRef = A3EE4F1C2370AB63EC092E76; };
		4770CCA7A7E480281B465A57 /* FormatPicker.swift */ = {isa = PBXBuildFile; fileRef = D113909FD3431CDE20C0685A; };
		7DD9175E55C6FF3F887794DE /* HistogramView.swift */ = {isa = PBXBuildFile; fileRef = B0B343670D3D8DA1AD2BD738; };
		B361F6A2269CAE4BADF51EDF /* KelvinSlider.swift */ = {isa = PBXBuildFile; fileRef = 1583CD614977ADA636F7C8F3; };
		903EB28CC0F1E1D4B1E06D5C /* ScrubSlider.swift */ = {isa = PBXBuildFile; fileRef = 75B21342E54AF8A41C7C9277; };
		DE7391A40C9A183F21FD4506 /* SectionHeader.swift */ = {isa = PBXBuildFile; fileRef = D748065BA93523D6250569FD; };
		7ED6C81BB4E1638ECABA732C /* Exporter.swift */ = {isa = PBXBuildFile; fileRef = 74D23C25CAC3E646B8A841F2; };
		1946C52393398AB9930DEA02 /* ExportSheet.swift */ = {isa = PBXBuildFile; fileRef = BF60B55D54B891A35A5C13CD; };
		0DF7C0575A8F4419B62B1D8D /* ImageDecoder.swift */ = {isa = PBXBuildFile; fileRef = 80F4EA4403E27AF27CF26E36; };
		E392EA1B18D833793DAAE00A /* Library.swift */ = {isa = PBXBuildFile; fileRef = 866971CD37D4A6E91C46DE89; };
		E142793F0246B249B78B606F /* ThumbnailCache.swift */ = {isa = PBXBuildFile; fileRef = 4A8C40B1D89C41AC2C688F49; };
		41A93C474E5EC1B1EF738D2C /* Adjustments.swift */ = {isa = PBXBuildFile; fileRef = 71C39B01B465670E437B236A; };
		D834EB35230E281A273F57FE /* CurveMath.swift */ = {isa = PBXBuildFile; fileRef = DEFC5D18DE0F76F63B6585BF; };
		28B2B570828B9DB06F782388 /* FeatureFlags.swift */ = {isa = PBXBuildFile; fileRef = 203EDC5326A6B4E661C5C33D; };
		C1ADB7DB0938F5CA8232B817 /* Frame.swift */ = {isa = PBXBuildFile; fileRef = B42CADFAD2DDC30C86107450; };
		F7F0C5D4C5B153C1E2FDA130 /* Geometry.swift */ = {isa = PBXBuildFile; fileRef = 775165734F284A7FEFF2A56B; };
		D9541EAAF6FADB17CEC0493A /* Mask.swift */ = {isa = PBXBuildFile; fileRef = 36DE3C78E2FFDD8799170839; };
		4FE737DAC9702667BCBB844D /* Params.swift */ = {isa = PBXBuildFile; fileRef = B5B14E1EC93B103C13E1E1A1; };
		C958BE6E8E191213FAC9C07B /* Session.swift */ = {isa = PBXBuildFile; fileRef = 5C2C456F4EE4E98B15585057; };
		91900004BDB58A3276AEB8A4 /* Sidecar.swift */ = {isa = PBXBuildFile; fileRef = 29E007863F213A53C1BF50B6; };
		DFB2BC74901FC2302DB07D14 /* StockCatalog.swift */ = {isa = PBXBuildFile; fileRef = 149DFE7E8522384424C9D181; };
		CB6FEAE226C81EE87753EC92 /* CameraSection.swift */ = {isa = PBXBuildFile; fileRef = DA89E3DE13C0ECF2954491DC; };
		B59C1B9F76C68315F78E96D9 /* CropSection.swift */ = {isa = PBXBuildFile; fileRef = 3202E6AE032BB6C3FB4D50AA; };
		CBD350FC0EA07431F149650C /* EnlargerSection.swift */ = {isa = PBXBuildFile; fileRef = C52E4B9F80D9235685C2B90C; };
		6AE3CB06CBA114EA89B3807C /* FeaturesSection.swift */ = {isa = PBXBuildFile; fileRef = EFC23A74644572BD4150702C; };
		37649AF1B228CD59AECFC71F /* FilmProfileSection.swift */ = {isa = PBXBuildFile; fileRef = 05A30811FA9F490AD608C21E; };
		5AE6E8987C3D6D59B81AA05C /* MasksSection.swift */ = {isa = PBXBuildFile; fileRef = ACE11F6E5C325E16F298B8BF; };
		0A0203E77C305D51250A02F7 /* PrintProfileSection.swift */ = {isa = PBXBuildFile; fileRef = 3B16832E40D08060737742A3; };
		65D329B39DE8C16A8A11B27D /* RightSections.swift */ = {isa = PBXBuildFile; fileRef = 79F55CB1FA12CCE4D48DBDD2; };
		538B8F0DD0588AF55428B254 /* Filmstrip.swift */ = {isa = PBXBuildFile; fileRef = C043956C2DB4E81C34A5E452; };
		901EBD0DA093D9A458B1D078 /* LeftPanel.swift */ = {isa = PBXBuildFile; fileRef = 04BAC8AF5FB181C0D831734D; };
		507BB82C006ECB285FF0A25B /* RightPanel.swift */ = {isa = PBXBuildFile; fileRef = 772B78CD0958744461E46754; };
		37DD55C3214F7CBAC894D52A /* EngineClient.swift */ = {isa = PBXBuildFile; fileRef = 2BFB0B0EBAFCAF7125E604BA; };
		0C6D4208ABCFAD20B30994A7 /* EngineMessage.swift */ = {isa = PBXBuildFile; fileRef = 1F2DE5C37DE6D8A0B234D872; };
		A12EB44B04B1241A502A4682 /* Methods.swift */ = {isa = PBXBuildFile; fileRef = 7620E2106920D3662B73893B; };
		30CDCE8A353D6D505C0A1EBA /* RenderScheduler.swift */ = {isa = PBXBuildFile; fileRef = 0A832F177CFFC58269F3BF71; };
		B832BF61EC18FB64F0C8EFAC /* Theme.swift */ = {isa = PBXBuildFile; fileRef = C62C713435E173FF86DA4B79; };
		095444A0C96B4E9EDA0B3CCB /* AboutWindow.swift */ = {isa = PBXBuildFile; fileRef = B38FC5FAB10F5276BB8BDE14; };
		D5854BA947D50AB325209F38 /* BootWindow.swift */ = {isa = PBXBuildFile; fileRef = 0EF32C79871CBA045B83A0EC; };
		FDA19E8430D49A7E281799DC /* BrowseView.swift */ = {isa = PBXBuildFile; fileRef = CCC4C0BD8B08402E504DF1C6; };
		ACEF611912A8D2414E758855 /* CollapseTab.swift */ = {isa = PBXBuildFile; fileRef = DC2868ABE8E78ED02B25923C; };
		31FBBDB43F78CB01700CF9FE /* EditorWindow.swift */ = {isa = PBXBuildFile; fileRef = 0D2B4C950A97A46448CA2621; };
		A165F1F5B8F29C118323DD72 /* TopBar.swift */ = {isa = PBXBuildFile; fileRef = C0605017666B35045568424F; };
		F923FBE095B5DA84B3FD6A15 /* TrafficLights.swift */ = {isa = PBXBuildFile; fileRef = 5505A60E46D817CE1BB7D898; };
		535EDB8CB44388BF14CA4601 /* SpektrafilmApp.swift */ = {isa = PBXBuildFile; fileRef = 2DD9510FD7E0B108E0419BA8; };
		4D5A42DE509847C9F8FB5E1E /* blob.cpp */ = {isa = PBXBuildFile; fileRef = 572D7C649F63F29E78404CE8; };
		009A1F538767BA2D0F07A03A /* cam16.cpp */ = {isa = PBXBuildFile; fileRef = 6C9704BA005A64B5C2FCC175; };
		9C872F079594BAA4721FCF54 /* colour.cpp */ = {isa = PBXBuildFile; fileRef = 368E77C826EF7E954C3196DB; };
		5673183B9CC52155DDBE50D6 /* curves.cpp */ = {isa = PBXBuildFile; fileRef = A01E87D822722BA10DB32C01; };
		FA5878EBC802D46CC32F8B7C /* hanatos.cpp */ = {isa = PBXBuildFile; fileRef = 9CE68AD57575B79AC87DAF39; };
		14A1DB5DC687C4D3E4991D82 /* json.cpp */ = {isa = PBXBuildFile; fileRef = 805957811B3055D4750C38CB; };
		4DD33E0EA282ACC3000B727B /* numeric.cpp */ = {isa = PBXBuildFile; fileRef = 8ED0AE0B2101723D547EF2E4; };
		A97BA053266E7F9C55037030 /* params.cpp */ = {isa = PBXBuildFile; fileRef = B185EA171C2523DD9E2C0B63; };
		24C86B143EFFE3D94BB62F5E /* print_lut.cpp */ = {isa = PBXBuildFile; fileRef = ADDDCC1575169C9E11D2F457; };
		0A46E002F9913ED7A35FD1F1 /* printing.cpp */ = {isa = PBXBuildFile; fileRef = 1D5E864A9E4B87B02EE76F0E; };
		58C0725D12AE58E8A4C4EAD4 /* profile.cpp */ = {isa = PBXBuildFile; fileRef = B724CE5D791200A9343BEF83; };
		8494577D63A7E3ACE9557D13 /* setup_cache.cpp */ = {isa = PBXBuildFile; fileRef = 3A5974FB4B5828787D8AE7B6; };
		FEAE396623E51F5520813998 /* spectral.cpp */ = {isa = PBXBuildFile; fileRef = FCA2275CA59D6E9BAACB46AA; };
		066374B8DB87D04FA096B1C4 /* metal_gpu.cpp */ = {isa = PBXBuildFile; fileRef = 7F7C9CDD54F54D233141591B; };
		1DCE2D05985CD32E3C46FDF7 /* metal_impl.cpp */ = {isa = PBXBuildFile; fileRef = 46A1D95252329E89981140C7; };
		7AE85FE62008191B3CE28849 /* blur.cpp */ = {isa = PBXBuildFile; fileRef = B9889011CD72FDBBAB75C83D; };
		DD04CC30500E544A50DE47CC /* engine.cpp */ = {isa = PBXBuildFile; fileRef = 0688A95F4F33FBF334225A6E; };
		4DE83222DA5DF123D4453304 /* pipeline.cpp */ = {isa = PBXBuildFile; fileRef = D516A1BA3B2C4C39F3ACC91E; };
		AB6F1305312B9996E2538FF8 /* app-sources */ = {
			isa = PBXSourcesBuildPhase;
			buildActionMask = 2147483647;
			files = (
				4229EC0CCDF6D7FAA07553FD /* CompareOverlay.swift */,
				E010F50A3F1EC874E690C46A /* CropOverlay.swift */,
				0E2C8F4137A3B137B3E8298C /* MaskOverlay.swift */,
				DC3E720C171C8675BB8C6A93 /* MetalCanvasView.swift */,
				6665BAAC701AC01F0B5EDB92 /* Renderer.swift */,
				7FDBA8E42A26054E171C4B76 /* Shaders.metal */,
				71A2B12F657443951E06F82C /* TextureStore.swift */,
				D537E15BF5A47C748A0DA943 /* ViewportState.swift */,
				C0BABB514F79EC8BCBCA2427 /* BeforeAfterIcon.swift */,
				45056F6F049287A76BB04ABC /* ColorWheel.swift */,
				9B7D2C25570FBF8F68B767B4 /* CurveEditor.swift */,
				4770CCA7A7E480281B465A57 /* FormatPicker.swift */,
				7DD9175E55C6FF3F887794DE /* HistogramView.swift */,
				B361F6A2269CAE4BADF51EDF /* KelvinSlider.swift */,
				903EB28CC0F1E1D4B1E06D5C /* ScrubSlider.swift */,
				DE7391A40C9A183F21FD4506 /* SectionHeader.swift */,
				7ED6C81BB4E1638ECABA732C /* Exporter.swift */,
				1946C52393398AB9930DEA02 /* ExportSheet.swift */,
				0DF7C0575A8F4419B62B1D8D /* ImageDecoder.swift */,
				E392EA1B18D833793DAAE00A /* Library.swift */,
				E142793F0246B249B78B606F /* ThumbnailCache.swift */,
				41A93C474E5EC1B1EF738D2C /* Adjustments.swift */,
				D834EB35230E281A273F57FE /* CurveMath.swift */,
				28B2B570828B9DB06F782388 /* FeatureFlags.swift */,
				C1ADB7DB0938F5CA8232B817 /* Frame.swift */,
				F7F0C5D4C5B153C1E2FDA130 /* Geometry.swift */,
				D9541EAAF6FADB17CEC0493A /* Mask.swift */,
				4FE737DAC9702667BCBB844D /* Params.swift */,
				C958BE6E8E191213FAC9C07B /* Session.swift */,
				91900004BDB58A3276AEB8A4 /* Sidecar.swift */,
				DFB2BC74901FC2302DB07D14 /* StockCatalog.swift */,
				CB6FEAE226C81EE87753EC92 /* CameraSection.swift */,
				B59C1B9F76C68315F78E96D9 /* CropSection.swift */,
				CBD350FC0EA07431F149650C /* EnlargerSection.swift */,
				6AE3CB06CBA114EA89B3807C /* FeaturesSection.swift */,
				37649AF1B228CD59AECFC71F /* FilmProfileSection.swift */,
				5AE6E8987C3D6D59B81AA05C /* MasksSection.swift */,
				0A0203E77C305D51250A02F7 /* PrintProfileSection.swift */,
				65D329B39DE8C16A8A11B27D /* RightSections.swift */,
				538B8F0DD0588AF55428B254 /* Filmstrip.swift */,
				901EBD0DA093D9A458B1D078 /* LeftPanel.swift */,
				507BB82C006ECB285FF0A25B /* RightPanel.swift */,
				37DD55C3214F7CBAC894D52A /* EngineClient.swift */,
				0C6D4208ABCFAD20B30994A7 /* EngineMessage.swift */,
				A12EB44B04B1241A502A4682 /* Methods.swift */,
				30CDCE8A353D6D505C0A1EBA /* RenderScheduler.swift */,
				B832BF61EC18FB64F0C8EFAC /* Theme.swift */,
				095444A0C96B4E9EDA0B3CCB /* AboutWindow.swift */,
				D5854BA947D50AB325209F38 /* BootWindow.swift */,
				FDA19E8430D49A7E281799DC /* BrowseView.swift */,
				ACEF611912A8D2414E758855 /* CollapseTab.swift */,
				31FBBDB43F78CB01700CF9FE /* EditorWindow.swift */,
				A165F1F5B8F29C118323DD72 /* TopBar.swift */,
				F923FBE095B5DA84B3FD6A15 /* TrafficLights.swift */,
				535EDB8CB44388BF14CA4601 /* SpektrafilmApp.swift */,
				4D5A42DE509847C9F8FB5E1E /* blob.cpp */,
				009A1F538767BA2D0F07A03A /* cam16.cpp */,
				9C872F079594BAA4721FCF54 /* colour.cpp */,
				5673183B9CC52155DDBE50D6 /* curves.cpp */,
				FA5878EBC802D46CC32F8B7C /* hanatos.cpp */,
				14A1DB5DC687C4D3E4991D82 /* json.cpp */,
				4DD33E0EA282ACC3000B727B /* numeric.cpp */,
				A97BA053266E7F9C55037030 /* params.cpp */,
				24C86B143EFFE3D94BB62F5E /* print_lut.cpp */,
				0A46E002F9913ED7A35FD1F1 /* printing.cpp */,
				58C0725D12AE58E8A4C4EAD4 /* profile.cpp */,
				8494577D63A7E3ACE9557D13 /* setup_cache.cpp */,
				FEAE396623E51F5520813998 /* spectral.cpp */,
				066374B8DB87D04FA096B1C4 /* metal_gpu.cpp */,
				1DCE2D05985CD32E3C46FDF7 /* metal_impl.cpp */,
				7AE85FE62008191B3CE28849 /* blur.cpp */,
				DD04CC30500E544A50DE47CC /* engine.cpp */,
				4DE83222DA5DF123D4453304 /* pipeline.cpp */
			);
			runOnlyForDeploymentPostprocessing = 0;
		};
		7D366F26AB7B348DCDC5487F /* Assets.xcassets */ = {isa = PBXBuildFile; fileRef = B3BB9DBEA1A17633DDF664D8; };
		F918E928350485006047756E /* Resources */ = {isa = PBXBuildFile; fileRef = A7794DCF9FF416E464CCCAF5; };
		C831EECBAB01524E02C71B42 /* app-resources */ = {
			isa = PBXResourcesBuildPhase;
			buildActionMask = 2147483647;
			files = (
				7D366F26AB7B348DCDC5487F /* Assets.xcassets */,
				F918E928350485006047756E /* Resources */
			);
			runOnlyForDeploymentPostprocessing = 0;
		};
		AA9A663971E63899B42E7E70 /* app-frameworks */ = {
			isa = PBXFrameworksBuildPhase;
			buildActionMask = 2147483647;
			files = (

			);
			runOnlyForDeploymentPostprocessing = 0;
		};
		71ADA4905E56DBF5CB348288 /* CanvasViewTests.swift */ = {isa = PBXBuildFile; fileRef = 54964C5F0C793C8B023D7B3D; };
		93613D4FA759228E40422B4B /* CompareAndFlagsTests.swift */ = {isa = PBXBuildFile; fileRef = 4A74158CD597BA1442A8D5DB; };
		9E374E549C7AD58E55089F46 /* CurveMathTests.swift */ = {isa = PBXBuildFile; fileRef = 84191DFFDD90B498FA79B61D; };
		5D27DA86FB66E03AA16B7B4D /* DecodeSeparationTests.swift */ = {isa = PBXBuildFile; fileRef = EABFC7609BEE9536030F8252; };
		452C2DC6BB8B58199BD6674C /* EngineClientTests.swift */ = {isa = PBXBuildFile; fileRef = 636F3C7CAE483C16747BC199; };
		0285EA831BB246D48AADBFF3 /* FrontendPolicyTests.swift */ = {isa = PBXBuildFile; fileRef = 0C11E3535A7E084A05CDD87E; };
		2478C21ED849DCB58FA067F9 /* GeometryContractTests.swift */ = {isa = PBXBuildFile; fileRef = D775538E05F44A00E41CE2B8; };
		081AC8CBC1448415370F331D /* GeometryTests.swift */ = {isa = PBXBuildFile; fileRef = 29B7A98BF32873446611AD12; };
		0ACDD7A74802D3F384C84880 /* LayoutTests.swift */ = {isa = PBXBuildFile; fileRef = 33F667BFDC05A1B5E173E633; };
		695E177EDF89AA2D8158F70E /* LicensingTests.swift */ = {isa = PBXBuildFile; fileRef = 71CD96B1F1B4F3578F70BDB1; };
		8050E725E0F3411FFEAA907B /* MaskTests.swift */ = {isa = PBXBuildFile; fileRef = 52F07E3FC948F7FE5C6AA9CD; };
		531337A79C90B950BB1D1A4C /* OpenPathTests.swift */ = {isa = PBXBuildFile; fileRef = D814F36880657A2CCDFBDF50; };
		4CA9209B7C45A23552EE102D /* ParamsTests.swift */ = {isa = PBXBuildFile; fileRef = 411A8657262E8C12D5C42E1C; };
		BF9BE6F207538336DE97D4DA /* PrintLUTTests.swift */ = {isa = PBXBuildFile; fileRef = 24E3C02BC7D31D48EE0DE21F; };
		0F414A144E829145B178D448 /* RendererTests.swift */ = {isa = PBXBuildFile; fileRef = 5FE826900D110898EDE03250; };
		00FB6ACF026D62FB762C4000 /* ViewportStateTests.swift */ = {isa = PBXBuildFile; fileRef = 59F9B12A94BBB0C489970FAB; };
		FFD39814CF87572407E096F0 /* CompareOverlay.swift */ = {isa = PBXBuildFile; fileRef = D833219FFB0F900226F7C11B; };
		BE7EDA89B80AF63E738A2878 /* CropOverlay.swift */ = {isa = PBXBuildFile; fileRef = AA607E33BF94A8283F305AAF; };
		9D46FF135BFF4B581B8F68E1 /* MaskOverlay.swift */ = {isa = PBXBuildFile; fileRef = DBEF4993D7D881A08C1AD325; };
		A54A566500A8B55B5DEBB30B /* MetalCanvasView.swift */ = {isa = PBXBuildFile; fileRef = F1C802D1951CEEA5C530DA35; };
		80AEF3A1B89B559191F40BCB /* Renderer.swift */ = {isa = PBXBuildFile; fileRef = 9E43B22E1C18E975DFA3F5D0; };
		F2A111984F38E21DEE37EFC0 /* Shaders.metal */ = {isa = PBXBuildFile; fileRef = BD634610E4EF60B3A7456BFF; };
		C9655F1DB23DC5DFCF3E0C02 /* TextureStore.swift */ = {isa = PBXBuildFile; fileRef = 0FE8A1866CD7E9333B3785F6; };
		850E6399593E08F3F1C52E75 /* ViewportState.swift */ = {isa = PBXBuildFile; fileRef = 5A21271DC53AF211CC7495D1; };
		F4CF9957B90FDD3997DF94D7 /* BeforeAfterIcon.swift */ = {isa = PBXBuildFile; fileRef = 0DE34BAB3C8EEA66883F8B16; };
		29CC9E642A7D831940AF3029 /* ColorWheel.swift */ = {isa = PBXBuildFile; fileRef = C4E72BD57C7D1854F1EA4AFD; };
		F5CBCB48FCAC2C3FFEE86669 /* CurveEditor.swift */ = {isa = PBXBuildFile; fileRef = A3EE4F1C2370AB63EC092E76; };
		6ECF9082CFFB03E18B788899 /* FormatPicker.swift */ = {isa = PBXBuildFile; fileRef = D113909FD3431CDE20C0685A; };
		160F347A65BF7738256CA247 /* HistogramView.swift */ = {isa = PBXBuildFile; fileRef = B0B343670D3D8DA1AD2BD738; };
		0FA01E0F91D145D67347FBE3 /* KelvinSlider.swift */ = {isa = PBXBuildFile; fileRef = 1583CD614977ADA636F7C8F3; };
		F4B619D2DF670FBDCAFA8D7A /* ScrubSlider.swift */ = {isa = PBXBuildFile; fileRef = 75B21342E54AF8A41C7C9277; };
		A26C4A5D2D8A6E582CED3C40 /* SectionHeader.swift */ = {isa = PBXBuildFile; fileRef = D748065BA93523D6250569FD; };
		445EEDA17EB327839119FB91 /* Exporter.swift */ = {isa = PBXBuildFile; fileRef = 74D23C25CAC3E646B8A841F2; };
		74EFADF76227C635C705E3C0 /* ExportSheet.swift */ = {isa = PBXBuildFile; fileRef = BF60B55D54B891A35A5C13CD; };
		23EE1119F21AF968C0CE75F5 /* ImageDecoder.swift */ = {isa = PBXBuildFile; fileRef = 80F4EA4403E27AF27CF26E36; };
		BC30C7897DBE8F0DFDE44159 /* Library.swift */ = {isa = PBXBuildFile; fileRef = 866971CD37D4A6E91C46DE89; };
		3AEE0C90C07AADF377B6D7F5 /* ThumbnailCache.swift */ = {isa = PBXBuildFile; fileRef = 4A8C40B1D89C41AC2C688F49; };
		7A914B39F8A2CBC9DE3C41E6 /* Adjustments.swift */ = {isa = PBXBuildFile; fileRef = 71C39B01B465670E437B236A; };
		6CEC95695A35A69D0B2B58AF /* CurveMath.swift */ = {isa = PBXBuildFile; fileRef = DEFC5D18DE0F76F63B6585BF; };
		DCFA72416950FAAEC7AB8327 /* FeatureFlags.swift */ = {isa = PBXBuildFile; fileRef = 203EDC5326A6B4E661C5C33D; };
		32D57D08CACF785769B97827 /* Frame.swift */ = {isa = PBXBuildFile; fileRef = B42CADFAD2DDC30C86107450; };
		C014744DBDC4BA358C503448 /* Geometry.swift */ = {isa = PBXBuildFile; fileRef = 775165734F284A7FEFF2A56B; };
		FDA81BBD22E0187E125F8C93 /* Mask.swift */ = {isa = PBXBuildFile; fileRef = 36DE3C78E2FFDD8799170839; };
		13485C16E0BE5963656C53C7 /* Params.swift */ = {isa = PBXBuildFile; fileRef = B5B14E1EC93B103C13E1E1A1; };
		99BB185598E039B53891F6F2 /* Session.swift */ = {isa = PBXBuildFile; fileRef = 5C2C456F4EE4E98B15585057; };
		7605C950A65EF7DCDDAC4FBB /* Sidecar.swift */ = {isa = PBXBuildFile; fileRef = 29E007863F213A53C1BF50B6; };
		AE8A127FAD985D7C2DDC42BE /* StockCatalog.swift */ = {isa = PBXBuildFile; fileRef = 149DFE7E8522384424C9D181; };
		0E406FD8B21540553D55BC29 /* CameraSection.swift */ = {isa = PBXBuildFile; fileRef = DA89E3DE13C0ECF2954491DC; };
		AFDDCE9776FFBF7213B5050B /* CropSection.swift */ = {isa = PBXBuildFile; fileRef = 3202E6AE032BB6C3FB4D50AA; };
		CFA7E006147BACC8FFEA05EA /* EnlargerSection.swift */ = {isa = PBXBuildFile; fileRef = C52E4B9F80D9235685C2B90C; };
		8B86BD2D63D44895DF51F64C /* FeaturesSection.swift */ = {isa = PBXBuildFile; fileRef = EFC23A74644572BD4150702C; };
		2D8640B13E823ABDA281BFA6 /* FilmProfileSection.swift */ = {isa = PBXBuildFile; fileRef = 05A30811FA9F490AD608C21E; };
		9F67BDE2757F9891E8346191 /* MasksSection.swift */ = {isa = PBXBuildFile; fileRef = ACE11F6E5C325E16F298B8BF; };
		1684949D7D3AF3F695414F99 /* PrintProfileSection.swift */ = {isa = PBXBuildFile; fileRef = 3B16832E40D08060737742A3; };
		CADD5ACDE9E6322AED8E2193 /* RightSections.swift */ = {isa = PBXBuildFile; fileRef = 79F55CB1FA12CCE4D48DBDD2; };
		ECC40EB38BF1196682ED6D78 /* Filmstrip.swift */ = {isa = PBXBuildFile; fileRef = C043956C2DB4E81C34A5E452; };
		779EC6447518A6B1D8CB4EF8 /* LeftPanel.swift */ = {isa = PBXBuildFile; fileRef = 04BAC8AF5FB181C0D831734D; };
		62BB19F86E15B70D0080D220 /* RightPanel.swift */ = {isa = PBXBuildFile; fileRef = 772B78CD0958744461E46754; };
		4E2AE2F6470A862044322CCD /* EngineClient.swift */ = {isa = PBXBuildFile; fileRef = 2BFB0B0EBAFCAF7125E604BA; };
		0D40F6AFFA04E92C42F47F89 /* EngineMessage.swift */ = {isa = PBXBuildFile; fileRef = 1F2DE5C37DE6D8A0B234D872; };
		2836798B2A2CA823F9B5D017 /* Methods.swift */ = {isa = PBXBuildFile; fileRef = 7620E2106920D3662B73893B; };
		E86ECBA36786FCCE2FA46F33 /* RenderScheduler.swift */ = {isa = PBXBuildFile; fileRef = 0A832F177CFFC58269F3BF71; };
		0B746F5294AECF6FD3A2977E /* Theme.swift */ = {isa = PBXBuildFile; fileRef = C62C713435E173FF86DA4B79; };
		2DC24D368F29D2141F11C743 /* AboutWindow.swift */ = {isa = PBXBuildFile; fileRef = B38FC5FAB10F5276BB8BDE14; };
		E2D2F89519A8FBD720595322 /* BootWindow.swift */ = {isa = PBXBuildFile; fileRef = 0EF32C79871CBA045B83A0EC; };
		52E4418F5631A2C63D399453 /* BrowseView.swift */ = {isa = PBXBuildFile; fileRef = CCC4C0BD8B08402E504DF1C6; };
		0068928520B6872FB5B3CFCE /* CollapseTab.swift */ = {isa = PBXBuildFile; fileRef = DC2868ABE8E78ED02B25923C; };
		4B2EDD779EAAB07FFC498C61 /* EditorWindow.swift */ = {isa = PBXBuildFile; fileRef = 0D2B4C950A97A46448CA2621; };
		950748887627D9FD93BF12D3 /* TopBar.swift */ = {isa = PBXBuildFile; fileRef = C0605017666B35045568424F; };
		B1B56F5EB50705E728A6870E /* TrafficLights.swift */ = {isa = PBXBuildFile; fileRef = 5505A60E46D817CE1BB7D898; };
		C392595BB09E27D392598EB6 /* blob.cpp */ = {isa = PBXBuildFile; fileRef = 572D7C649F63F29E78404CE8; };
		1608BF5C0786380F0B79B9E6 /* cam16.cpp */ = {isa = PBXBuildFile; fileRef = 6C9704BA005A64B5C2FCC175; };
		115A737D328649528119B23B /* colour.cpp */ = {isa = PBXBuildFile; fileRef = 368E77C826EF7E954C3196DB; };
		6B46564B460F0B2710C2DFB1 /* curves.cpp */ = {isa = PBXBuildFile; fileRef = A01E87D822722BA10DB32C01; };
		3F74A0596A9E8751E1163971 /* hanatos.cpp */ = {isa = PBXBuildFile; fileRef = 9CE68AD57575B79AC87DAF39; };
		A580DC1E4D033227574156DB /* json.cpp */ = {isa = PBXBuildFile; fileRef = 805957811B3055D4750C38CB; };
		4F2A467EF044EE59D3B18E35 /* numeric.cpp */ = {isa = PBXBuildFile; fileRef = 8ED0AE0B2101723D547EF2E4; };
		579FE0FA4B15052321BFC7AD /* params.cpp */ = {isa = PBXBuildFile; fileRef = B185EA171C2523DD9E2C0B63; };
		378DC77EBAD65E2493F75571 /* print_lut.cpp */ = {isa = PBXBuildFile; fileRef = ADDDCC1575169C9E11D2F457; };
		57713A1A5E251AF8319718F5 /* printing.cpp */ = {isa = PBXBuildFile; fileRef = 1D5E864A9E4B87B02EE76F0E; };
		97EFFEDE01320AB226D43875 /* profile.cpp */ = {isa = PBXBuildFile; fileRef = B724CE5D791200A9343BEF83; };
		CA5ED95981564437E6837113 /* setup_cache.cpp */ = {isa = PBXBuildFile; fileRef = 3A5974FB4B5828787D8AE7B6; };
		F4719B92E946998F4C51DF80 /* spectral.cpp */ = {isa = PBXBuildFile; fileRef = FCA2275CA59D6E9BAACB46AA; };
		7E49AFE3B8F6097A70C7C82A /* metal_gpu.cpp */ = {isa = PBXBuildFile; fileRef = 7F7C9CDD54F54D233141591B; };
		6FC4BF57547325FD9019FF7F /* metal_impl.cpp */ = {isa = PBXBuildFile; fileRef = 46A1D95252329E89981140C7; };
		EDBA934861539DCE3E926F0A /* blur.cpp */ = {isa = PBXBuildFile; fileRef = B9889011CD72FDBBAB75C83D; };
		D90A854B223032E000156513 /* engine.cpp */ = {isa = PBXBuildFile; fileRef = 0688A95F4F33FBF334225A6E; };
		2578F82CA3FFAE5384F9DBBA /* pipeline.cpp */ = {isa = PBXBuildFile; fileRef = D516A1BA3B2C4C39F3ACC91E; };
		1F4D89CC2FE4F3BC028B2B29 /* test-sources */ = {
			isa = PBXSourcesBuildPhase;
			buildActionMask = 2147483647;
			files = (
				71ADA4905E56DBF5CB348288 /* CanvasViewTests.swift */,
				93613D4FA759228E40422B4B /* CompareAndFlagsTests.swift */,
				9E374E549C7AD58E55089F46 /* CurveMathTests.swift */,
				5D27DA86FB66E03AA16B7B4D /* DecodeSeparationTests.swift */,
				452C2DC6BB8B58199BD6674C /* EngineClientTests.swift */,
				0285EA831BB246D48AADBFF3 /* FrontendPolicyTests.swift */,
				2478C21ED849DCB58FA067F9 /* GeometryContractTests.swift */,
				081AC8CBC1448415370F331D /* GeometryTests.swift */,
				0ACDD7A74802D3F384C84880 /* LayoutTests.swift */,
				695E177EDF89AA2D8158F70E /* LicensingTests.swift */,
				8050E725E0F3411FFEAA907B /* MaskTests.swift */,
				531337A79C90B950BB1D1A4C /* OpenPathTests.swift */,
				4CA9209B7C45A23552EE102D /* ParamsTests.swift */,
				BF9BE6F207538336DE97D4DA /* PrintLUTTests.swift */,
				0F414A144E829145B178D448 /* RendererTests.swift */,
				00FB6ACF026D62FB762C4000 /* ViewportStateTests.swift */,
				FFD39814CF87572407E096F0 /* CompareOverlay.swift */,
				BE7EDA89B80AF63E738A2878 /* CropOverlay.swift */,
				9D46FF135BFF4B581B8F68E1 /* MaskOverlay.swift */,
				A54A566500A8B55B5DEBB30B /* MetalCanvasView.swift */,
				80AEF3A1B89B559191F40BCB /* Renderer.swift */,
				F2A111984F38E21DEE37EFC0 /* Shaders.metal */,
				C9655F1DB23DC5DFCF3E0C02 /* TextureStore.swift */,
				850E6399593E08F3F1C52E75 /* ViewportState.swift */,
				F4CF9957B90FDD3997DF94D7 /* BeforeAfterIcon.swift */,
				29CC9E642A7D831940AF3029 /* ColorWheel.swift */,
				F5CBCB48FCAC2C3FFEE86669 /* CurveEditor.swift */,
				6ECF9082CFFB03E18B788899 /* FormatPicker.swift */,
				160F347A65BF7738256CA247 /* HistogramView.swift */,
				0FA01E0F91D145D67347FBE3 /* KelvinSlider.swift */,
				F4B619D2DF670FBDCAFA8D7A /* ScrubSlider.swift */,
				A26C4A5D2D8A6E582CED3C40 /* SectionHeader.swift */,
				445EEDA17EB327839119FB91 /* Exporter.swift */,
				74EFADF76227C635C705E3C0 /* ExportSheet.swift */,
				23EE1119F21AF968C0CE75F5 /* ImageDecoder.swift */,
				BC30C7897DBE8F0DFDE44159 /* Library.swift */,
				3AEE0C90C07AADF377B6D7F5 /* ThumbnailCache.swift */,
				7A914B39F8A2CBC9DE3C41E6 /* Adjustments.swift */,
				6CEC95695A35A69D0B2B58AF /* CurveMath.swift */,
				DCFA72416950FAAEC7AB8327 /* FeatureFlags.swift */,
				32D57D08CACF785769B97827 /* Frame.swift */,
				C014744DBDC4BA358C503448 /* Geometry.swift */,
				FDA81BBD22E0187E125F8C93 /* Mask.swift */,
				13485C16E0BE5963656C53C7 /* Params.swift */,
				99BB185598E039B53891F6F2 /* Session.swift */,
				7605C950A65EF7DCDDAC4FBB /* Sidecar.swift */,
				AE8A127FAD985D7C2DDC42BE /* StockCatalog.swift */,
				0E406FD8B21540553D55BC29 /* CameraSection.swift */,
				AFDDCE9776FFBF7213B5050B /* CropSection.swift */,
				CFA7E006147BACC8FFEA05EA /* EnlargerSection.swift */,
				8B86BD2D63D44895DF51F64C /* FeaturesSection.swift */,
				2D8640B13E823ABDA281BFA6 /* FilmProfileSection.swift */,
				9F67BDE2757F9891E8346191 /* MasksSection.swift */,
				1684949D7D3AF3F695414F99 /* PrintProfileSection.swift */,
				CADD5ACDE9E6322AED8E2193 /* RightSections.swift */,
				ECC40EB38BF1196682ED6D78 /* Filmstrip.swift */,
				779EC6447518A6B1D8CB4EF8 /* LeftPanel.swift */,
				62BB19F86E15B70D0080D220 /* RightPanel.swift */,
				4E2AE2F6470A862044322CCD /* EngineClient.swift */,
				0D40F6AFFA04E92C42F47F89 /* EngineMessage.swift */,
				2836798B2A2CA823F9B5D017 /* Methods.swift */,
				E86ECBA36786FCCE2FA46F33 /* RenderScheduler.swift */,
				0B746F5294AECF6FD3A2977E /* Theme.swift */,
				2DC24D368F29D2141F11C743 /* AboutWindow.swift */,
				E2D2F89519A8FBD720595322 /* BootWindow.swift */,
				52E4418F5631A2C63D399453 /* BrowseView.swift */,
				0068928520B6872FB5B3CFCE /* CollapseTab.swift */,
				4B2EDD779EAAB07FFC498C61 /* EditorWindow.swift */,
				950748887627D9FD93BF12D3 /* TopBar.swift */,
				B1B56F5EB50705E728A6870E /* TrafficLights.swift */,
				C392595BB09E27D392598EB6 /* blob.cpp */,
				1608BF5C0786380F0B79B9E6 /* cam16.cpp */,
				115A737D328649528119B23B /* colour.cpp */,
				6B46564B460F0B2710C2DFB1 /* curves.cpp */,
				3F74A0596A9E8751E1163971 /* hanatos.cpp */,
				A580DC1E4D033227574156DB /* json.cpp */,
				4F2A467EF044EE59D3B18E35 /* numeric.cpp */,
				579FE0FA4B15052321BFC7AD /* params.cpp */,
				378DC77EBAD65E2493F75571 /* print_lut.cpp */,
				57713A1A5E251AF8319718F5 /* printing.cpp */,
				97EFFEDE01320AB226D43875 /* profile.cpp */,
				CA5ED95981564437E6837113 /* setup_cache.cpp */,
				F4719B92E946998F4C51DF80 /* spectral.cpp */,
				7E49AFE3B8F6097A70C7C82A /* metal_gpu.cpp */,
				6FC4BF57547325FD9019FF7F /* metal_impl.cpp */,
				EDBA934861539DCE3E926F0A /* blur.cpp */,
				D90A854B223032E000156513 /* engine.cpp */,
				2578F82CA3FFAE5384F9DBBA /* pipeline.cpp */
			);
			runOnlyForDeploymentPostprocessing = 0;
		};
		8671333A2B20400E6B17DB7C /* Assets.xcassets */ = {isa = PBXBuildFile; fileRef = B3BB9DBEA1A17633DDF664D8; };
		8305BAE9626F27701A3FBB37 /* Resources */ = {isa = PBXBuildFile; fileRef = A7794DCF9FF416E464CCCAF5; };
		201E3014E52B86C5F3284B5C /* test-resources */ = {
			isa = PBXResourcesBuildPhase;
			buildActionMask = 2147483647;
			files = (
				8671333A2B20400E6B17DB7C /* Assets.xcassets */,
				8305BAE9626F27701A3FBB37 /* Resources */
			);
			runOnlyForDeploymentPostprocessing = 0;
		};
		F58B7633F573605290A6D562 /* test-frameworks */ = {
			isa = PBXFrameworksBuildPhase;
			buildActionMask = 2147483647;
			files = (

			);
			runOnlyForDeploymentPostprocessing = 0;
		};
		20A1F637DF0C8F92FA52C1DD /* Check bundled resources */ = {
			isa = PBXShellScriptBuildPhase;
			buildActionMask = 2147483647;
			files = (
			);
			inputPaths = (
			);
			name = "Check bundled resources";
			outputPaths = (
			);
			runOnlyForDeploymentPostprocessing = 0;
			shellPath = /bin/sh;
			shellScript = "\"$SRCROOT/Tools/check-bundle-resources.sh\"\n";
		};
		11809352A555BC659DD7F622 = {
			isa = PBXContainerItemProxy;
			containerPortal = 98F54143AB4E86B28C3AFEE0;
			proxyType = 1;
			remoteGlobalIDString = 29C7B681C8D62CBAC94D51C0;
			remoteInfo = Spektrafilm;
		};
		AC56FEA34320AF0CEBFE18E6 = {
			isa = PBXTargetDependency;
			target = 29C7B681C8D62CBAC94D51C0;
			targetProxy = 11809352A555BC659DD7F622;
		};
		967DE5DAE8F9C3546488D3FD /* Debug */ = {
			isa = XCBuildConfiguration;
			buildSettings = {
				ARCHS = arm64;
				ASSETCATALOG_COMPILER_APPICON_NAME = AppIcon;
				ASSETCATALOG_COMPILER_GLOBAL_ACCENT_COLOR_NAME = AccentColor;
				CLANG_CXX_LANGUAGE_STANDARD = "c++20";
				CLANG_CXX_LIBRARY = "libc++";
				CLANG_ENABLE_MODULES = YES;
				CLANG_ENABLE_OBJC_ARC = NO;
				CODE_SIGN_ENTITLEMENTS = Spektrafilm/Spektrafilm.entitlements;
				CODE_SIGN_IDENTITY = "-";
				CODE_SIGN_STYLE = Automatic;
				COMBINE_HIDPI_IMAGES = YES;
				CURRENT_PROJECT_VERSION = 3;
				DEBUG_INFORMATION_FORMAT = dwarf;
				DEVELOPMENT_TEAM = "";
				ENABLE_HARDENED_RUNTIME = YES;
				ENABLE_PREVIEWS = YES;
				ENABLE_TESTABILITY = YES;
				GCC_C_LANGUAGE_STANDARD = c11;
				GCC_OPTIMIZATION_LEVEL = 0;
				GENERATE_INFOPLIST_FILE = NO;
				HEADER_SEARCH_PATHS = (
					"$(SRCROOT)/../../engine/include",
					"$(SRCROOT)/../../engine/src",
					"$(SRCROOT)/../../engine/src/core",
					"$(SRCROOT)/../../engine/third_party/metal-cpp",
				);
				INFOPLIST_FILE = Spektrafilm/Info.plist;
				LD_RUNPATH_SEARCH_PATHS = "$(inherited) @executable_path/../Frameworks";
				MACOSX_DEPLOYMENT_TARGET = 15.0;
				MARKETING_VERSION = 0.3;
				MTL_ENABLE_DEBUG_INFO = INCLUDE_SOURCE;
				MTL_FAST_MATH = YES;
				ONLY_ACTIVE_ARCH = YES;
				OTHER_LDFLAGS = "-framework Metal -framework QuartzCore";
				PRODUCT_BUNDLE_IDENTIFIER = com.hanze.filmify;
				PRODUCT_NAME = Filmify;
				SDKROOT = macosx;
				SWIFT_ACTIVE_COMPILATION_CONDITIONS = DEBUG;
				SWIFT_EMIT_LOC_STRINGS = NO;
				SWIFT_OBJC_BRIDGING_HEADER = "Spektrafilm/Service/Spektrafilm-Bridging-Header.h";
				SWIFT_OPTIMIZATION_LEVEL = "-Onone";
				SWIFT_STRICT_CONCURRENCY = complete;
				SWIFT_VERSION = 6.0;
			};
			name = Debug;
		};
		70A5F3AAC43D0790B57ED51A /* Release */ = {
			isa = XCBuildConfiguration;
			buildSettings = {
				ARCHS = arm64;
				ASSETCATALOG_COMPILER_APPICON_NAME = AppIcon;
				ASSETCATALOG_COMPILER_GLOBAL_ACCENT_COLOR_NAME = AccentColor;
				CLANG_CXX_LANGUAGE_STANDARD = "c++20";
				CLANG_CXX_LIBRARY = "libc++";
				CLANG_ENABLE_MODULES = YES;
				CLANG_ENABLE_OBJC_ARC = NO;
				CODE_SIGN_ENTITLEMENTS = Spektrafilm/Spektrafilm.entitlements;
				CODE_SIGN_IDENTITY = "-";
				CODE_SIGN_STYLE = Automatic;
				COMBINE_HIDPI_IMAGES = YES;
				CURRENT_PROJECT_VERSION = 3;
				DEBUG_INFORMATION_FORMAT = "dwarf-with-dsym";
				DEVELOPMENT_TEAM = "";
				ENABLE_HARDENED_RUNTIME = YES;
				ENABLE_PREVIEWS = YES;
				GCC_C_LANGUAGE_STANDARD = c11;
				GENERATE_INFOPLIST_FILE = NO;
				HEADER_SEARCH_PATHS = (
					"$(SRCROOT)/../../engine/include",
					"$(SRCROOT)/../../engine/src",
					"$(SRCROOT)/../../engine/src/core",
					"$(SRCROOT)/../../engine/third_party/metal-cpp",
				);
				INFOPLIST_FILE = Spektrafilm/Info.plist;
				LD_RUNPATH_SEARCH_PATHS = "$(inherited) @executable_path/../Frameworks";
				MACOSX_DEPLOYMENT_TARGET = 15.0;
				MARKETING_VERSION = 0.3;
				MTL_ENABLE_DEBUG_INFO = INCLUDE_SOURCE;
				MTL_FAST_MATH = YES;
				ONLY_ACTIVE_ARCH = YES;
				OTHER_LDFLAGS = "-framework Metal -framework QuartzCore";
				PRODUCT_BUNDLE_IDENTIFIER = com.hanze.filmify;
				PRODUCT_NAME = Filmify;
				SDKROOT = macosx;
				SWIFT_COMPILATION_MODE = wholemodule;
				SWIFT_EMIT_LOC_STRINGS = NO;
				SWIFT_OBJC_BRIDGING_HEADER = "Spektrafilm/Service/Spektrafilm-Bridging-Header.h";
				SWIFT_OPTIMIZATION_LEVEL = "-O";
				SWIFT_STRICT_CONCURRENCY = complete;
				SWIFT_VERSION = 6.0;
			};
			name = Release;
		};
		23746EFE221170E24101FE05 /* app */ = {
			isa = XCConfigurationList;
			buildConfigurations = (
				967DE5DAE8F9C3546488D3FD /* Debug */,
				70A5F3AAC43D0790B57ED51A /* Release */
			);
			defaultConfigurationIsVisible = 0;
			defaultConfigurationName = Release;
		};
		29C7B681C8D62CBAC94D51C0 /* Spektrafilm */ = {
			isa = PBXNativeTarget;
			buildConfigurationList = 23746EFE221170E24101FE05;
			buildPhases = (
				20A1F637DF0C8F92FA52C1DD,
				AB6F1305312B9996E2538FF8,
				AA9A663971E63899B42E7E70,
				C831EECBAB01524E02C71B42
			);
			buildRules = (
			);
			dependencies = (
			);
			name = Spektrafilm;
			productName = Spektrafilm;
			productReference = B6CDB6E5D160E013280D3C68;
			productType = "com.apple.product-type.application";
		};
		7A6254D73776E919A898BF59 /* Debug */ = {
			isa = XCBuildConfiguration;
			buildSettings = {
				ARCHS = arm64;
				ASSETCATALOG_COMPILER_APPICON_NAME = AppIcon;
				ASSETCATALOG_COMPILER_GLOBAL_ACCENT_COLOR_NAME = AccentColor;
				CLANG_CXX_LANGUAGE_STANDARD = "c++20";
				CLANG_CXX_LIBRARY = "libc++";
				CLANG_ENABLE_MODULES = YES;
				CLANG_ENABLE_OBJC_ARC = NO;
				CODE_SIGN_IDENTITY = "-";
				CODE_SIGN_STYLE = Automatic;
				COMBINE_HIDPI_IMAGES = YES;
				CURRENT_PROJECT_VERSION = 3;
				DEBUG_INFORMATION_FORMAT = dwarf;
				DEVELOPMENT_TEAM = "";
				ENABLE_HARDENED_RUNTIME = YES;
				ENABLE_TESTABILITY = YES;
				GCC_C_LANGUAGE_STANDARD = c11;
				GCC_OPTIMIZATION_LEVEL = 0;
				GENERATE_INFOPLIST_FILE = YES;
				HEADER_SEARCH_PATHS = (
					"$(SRCROOT)/../../engine/include",
					"$(SRCROOT)/../../engine/src",
					"$(SRCROOT)/../../engine/src/core",
					"$(SRCROOT)/../../engine/third_party/metal-cpp",
				);
				LD_RUNPATH_SEARCH_PATHS = "$(inherited) @executable_path/../Frameworks @loader_path/../Frameworks";
				MACOSX_DEPLOYMENT_TARGET = 15.0;
				MARKETING_VERSION = 0.3;
				MTL_ENABLE_DEBUG_INFO = INCLUDE_SOURCE;
				MTL_FAST_MATH = YES;
				ONLY_ACTIVE_ARCH = YES;
				OTHER_LDFLAGS = "-framework Metal -framework QuartzCore";
				PRODUCT_BUNDLE_IDENTIFIER = com.hanze.filmify.tests;
				PRODUCT_NAME = SpektrafilmTests;
				SDKROOT = macosx;
				SWIFT_ACTIVE_COMPILATION_CONDITIONS = DEBUG;
				SWIFT_EMIT_LOC_STRINGS = NO;
				SWIFT_OBJC_BRIDGING_HEADER = "Spektrafilm/Service/Spektrafilm-Bridging-Header.h";
				SWIFT_OPTIMIZATION_LEVEL = "-Onone";
				SWIFT_STRICT_CONCURRENCY = complete;
				SWIFT_VERSION = 6.0;
			};
			name = Debug;
		};
		7EB3E2C335E8159349623C2B /* Release */ = {
			isa = XCBuildConfiguration;
			buildSettings = {
				ARCHS = arm64;
				ASSETCATALOG_COMPILER_APPICON_NAME = AppIcon;
				ASSETCATALOG_COMPILER_GLOBAL_ACCENT_COLOR_NAME = AccentColor;
				CLANG_CXX_LANGUAGE_STANDARD = "c++20";
				CLANG_CXX_LIBRARY = "libc++";
				CLANG_ENABLE_MODULES = YES;
				CLANG_ENABLE_OBJC_ARC = NO;
				CODE_SIGN_IDENTITY = "-";
				CODE_SIGN_STYLE = Automatic;
				COMBINE_HIDPI_IMAGES = YES;
				CURRENT_PROJECT_VERSION = 3;
				DEBUG_INFORMATION_FORMAT = "dwarf-with-dsym";
				DEVELOPMENT_TEAM = "";
				ENABLE_HARDENED_RUNTIME = YES;
				GCC_C_LANGUAGE_STANDARD = c11;
				GENERATE_INFOPLIST_FILE = YES;
				HEADER_SEARCH_PATHS = (
					"$(SRCROOT)/../../engine/include",
					"$(SRCROOT)/../../engine/src",
					"$(SRCROOT)/../../engine/src/core",
					"$(SRCROOT)/../../engine/third_party/metal-cpp",
				);
				LD_RUNPATH_SEARCH_PATHS = "$(inherited) @executable_path/../Frameworks @loader_path/../Frameworks";
				MACOSX_DEPLOYMENT_TARGET = 15.0;
				MARKETING_VERSION = 0.3;
				MTL_ENABLE_DEBUG_INFO = INCLUDE_SOURCE;
				MTL_FAST_MATH = YES;
				ONLY_ACTIVE_ARCH = YES;
				OTHER_LDFLAGS = "-framework Metal -framework QuartzCore";
				PRODUCT_BUNDLE_IDENTIFIER = com.hanze.filmify.tests;
				PRODUCT_NAME = SpektrafilmTests;
				SDKROOT = macosx;
				SWIFT_COMPILATION_MODE = wholemodule;
				SWIFT_EMIT_LOC_STRINGS = NO;
				SWIFT_OBJC_BRIDGING_HEADER = "Spektrafilm/Service/Spektrafilm-Bridging-Header.h";
				SWIFT_OPTIMIZATION_LEVEL = "-O";
				SWIFT_STRICT_CONCURRENCY = complete;
				SWIFT_VERSION = 6.0;
			};
			name = Release;
		};
		D2BE3DDC22BFECC3C59645DA /* tests */ = {
			isa = XCConfigurationList;
			buildConfigurations = (
				7A6254D73776E919A898BF59 /* Debug */,
				7EB3E2C335E8159349623C2B /* Release */
			);
			defaultConfigurationIsVisible = 0;
			defaultConfigurationName = Release;
		};
		7EC8F98B7A265120217712DE /* SpektrafilmTests */ = {
			isa = PBXNativeTarget;
			buildConfigurationList = D2BE3DDC22BFECC3C59645DA;
			buildPhases = (
				1F4D89CC2FE4F3BC028B2B29,
				F58B7633F573605290A6D562,
				201E3014E52B86C5F3284B5C
			);
			buildRules = (
			);
			dependencies = (
			);
			name = SpektrafilmTests;
			productName = SpektrafilmTests;
			productReference = E02A90D9643568EA39115CFB;
			productType = "com.apple.product-type.bundle.unit-test";
		};
		855D4B0C75ECD556474FD8F5 /* Debug */ = {
			isa = XCBuildConfiguration;
			buildSettings = {
				ALWAYS_SEARCH_USER_PATHS = NO;
				CLANG_ENABLE_OBJC_ARC = YES;
				DEBUG_INFORMATION_FORMAT = dwarf;
				ENABLE_STRICT_OBJC_MSGSEND = YES;
				ENABLE_TESTABILITY = YES;
				ENABLE_USER_SCRIPT_SANDBOXING = NO;
				GCC_NO_COMMON_BLOCKS = YES;
				GCC_OPTIMIZATION_LEVEL = 0;
				MACOSX_DEPLOYMENT_TARGET = 15.0;
				SDKROOT = macosx;
				SWIFT_ACTIVE_COMPILATION_CONDITIONS = DEBUG;
				SWIFT_OPTIMIZATION_LEVEL = "-Onone";
				SWIFT_VERSION = 6.0;
			};
			name = Debug;
		};
		4E74312DBBD620AE1CB5D771 /* Release */ = {
			isa = XCBuildConfiguration;
			buildSettings = {
				ALWAYS_SEARCH_USER_PATHS = NO;
				CLANG_ENABLE_OBJC_ARC = YES;
				DEBUG_INFORMATION_FORMAT = "dwarf-with-dsym";
				ENABLE_STRICT_OBJC_MSGSEND = YES;
				ENABLE_USER_SCRIPT_SANDBOXING = NO;
				GCC_NO_COMMON_BLOCKS = YES;
				MACOSX_DEPLOYMENT_TARGET = 15.0;
				SDKROOT = macosx;
				SWIFT_COMPILATION_MODE = wholemodule;
				SWIFT_OPTIMIZATION_LEVEL = "-O";
				SWIFT_VERSION = 6.0;
			};
			name = Release;
		};
		3D29D9F3A882C4202964FB56 /* project */ = {
			isa = XCConfigurationList;
			buildConfigurations = (
				855D4B0C75ECD556474FD8F5 /* Debug */,
				4E74312DBBD620AE1CB5D771 /* Release */
			);
			defaultConfigurationIsVisible = 0;
			defaultConfigurationName = Release;
		};
		98F54143AB4E86B28C3AFEE0 /* Project object */ = {
			isa = PBXProject;
			attributes = {
				BuildIndependentTargetsInParallel = 1;
				LastSwiftUpdateCheck = 1600;
				LastUpgradeCheck = 1600;
				TargetAttributes = {
					7EC8F98B7A265120217712DE = {
						TestTargetID = 29C7B681C8D62CBAC94D51C0;
					};
				};
			};
			buildConfigurationList = 3D29D9F3A882C4202964FB56;
			compatibilityVersion = "Xcode 14.0";
			developmentRegion = en;
			hasScannedForEncodings = 0;
			knownRegions = (
				en,
				Base
			);
			mainGroup = ADCF10F76EBF2A74473E9DC4;
			productRefGroup = 00C45FD35CB0F9C5F764F070;
			projectDirPath = "";
			projectRoot = "";
			targets = (
				29C7B681C8D62CBAC94D51C0,
				7EC8F98B7A265120217712DE
			);
		};
	};
	rootObject = 98F54143AB4E86B28C3AFEE0 /* Project object */;
}
