// !$*UTF8*$!
{
	archiveVersion = 1;
	classes = {
	};
	objectVersion = 56;
	objects = {
		9A0C8A0EB877AFA4B59F2ED4 /* Assets.xcassets */ = {isa = PBXFileReference; lastKnownFileType = folder.assetcatalog; path = "Assets.xcassets"; sourceTree = "<group>"; };
		36A126B6EE6C0850AF480C57 /* CompareOverlay.swift */ = {isa = PBXFileReference; lastKnownFileType = sourcecode.swift; path = "CompareOverlay.swift"; sourceTree = "<group>"; };
		F5450AC21C24796E4C0E3D00 /* CropOverlay.swift */ = {isa = PBXFileReference; lastKnownFileType = sourcecode.swift; path = "CropOverlay.swift"; sourceTree = "<group>"; };
		AA71F11FFA333D653F211766 /* MaskOverlay.swift */ = {isa = PBXFileReference; lastKnownFileType = sourcecode.swift; path = "MaskOverlay.swift"; sourceTree = "<group>"; };
		0A008A15F891024A1497154E /* MetalCanvasView.swift */ = {isa = PBXFileReference; lastKnownFileType = sourcecode.swift; path = "MetalCanvasView.swift"; sourceTree = "<group>"; };
		F21EE21CD8E082061F96E2E6 /* Renderer.swift */ = {isa = PBXFileReference; lastKnownFileType = sourcecode.swift; path = "Renderer.swift"; sourceTree = "<group>"; };
		907FA3AAA81399391CD11EE4 /* Shaders.metal */ = {isa = PBXFileReference; lastKnownFileType = sourcecode.metal; path = "Shaders.metal"; sourceTree = "<group>"; };
		E049CCDDDB06F6E9E3EA42B0 /* TextureStore.swift */ = {isa = PBXFileReference; lastKnownFileType = sourcecode.swift; path = "TextureStore.swift"; sourceTree = "<group>"; };
		2163CDDFE6211A3827143944 /* ViewportState.swift */ = {isa = PBXFileReference; lastKnownFileType = sourcecode.swift; path = "ViewportState.swift"; sourceTree = "<group>"; };
		74A064D34CE36A1A0A478638 /* Canvas */ = {
			isa = PBXGroup;
			children = (
				36A126B6EE6C0850AF480C57 /* CompareOverlay.swift */,
				F5450AC21C24796E4C0E3D00 /* CropOverlay.swift */,
				AA71F11FFA333D653F211766 /* MaskOverlay.swift */,
				0A008A15F891024A1497154E /* MetalCanvasView.swift */,
				F21EE21CD8E082061F96E2E6 /* Renderer.swift */,
				907FA3AAA81399391CD11EE4 /* Shaders.metal */,
				E049CCDDDB06F6E9E3EA42B0 /* TextureStore.swift */,
				2163CDDFE6211A3827143944 /* ViewportState.swift */
			);
			path = "Canvas";
			sourceTree = "<group>";
		};
		1A66F1A4BE878677DDD168F8 /* BeforeAfterIcon.swift */ = {isa = PBXFileReference; lastKnownFileType = sourcecode.swift; path = "BeforeAfterIcon.swift"; sourceTree = "<group>"; };
		A6AE17D926AD0BE975D3DFD3 /* ColorWheel.swift */ = {isa = PBXFileReference; lastKnownFileType = sourcecode.swift; path = "ColorWheel.swift"; sourceTree = "<group>"; };
		78522D1F29B435A4474D3B41 /* CurveEditor.swift */ = {isa = PBXFileReference; lastKnownFileType = sourcecode.swift; path = "CurveEditor.swift"; sourceTree = "<group>"; };
		CE575F9EAAF0B4BBD734E38F /* FormatPicker.swift */ = {isa = PBXFileReference; lastKnownFileType = sourcecode.swift; path = "FormatPicker.swift"; sourceTree = "<group>"; };
		8B4764B98BBD346D76737E35 /* HistogramView.swift */ = {isa = PBXFileReference; lastKnownFileType = sourcecode.swift; path = "HistogramView.swift"; sourceTree = "<group>"; };
		1C150BAF8709BCFED4993C91 /* KelvinSlider.swift */ = {isa = PBXFileReference; lastKnownFileType = sourcecode.swift; path = "KelvinSlider.swift"; sourceTree = "<group>"; };
		0A566184CC1F5F2A753749B1 /* ScrubSlider.swift */ = {isa = PBXFileReference; lastKnownFileType = sourcecode.swift; path = "ScrubSlider.swift"; sourceTree = "<group>"; };
		E09F526981DDB0DC07EBE25B /* SectionHeader.swift */ = {isa = PBXFileReference; lastKnownFileType = sourcecode.swift; path = "SectionHeader.swift"; sourceTree = "<group>"; };
		B81655C3560B950CAFC0B634 /* Controls */ = {
			isa = PBXGroup;
			children = (
				1A66F1A4BE878677DDD168F8 /* BeforeAfterIcon.swift */,
				A6AE17D926AD0BE975D3DFD3 /* ColorWheel.swift */,
				78522D1F29B435A4474D3B41 /* CurveEditor.swift */,
				CE575F9EAAF0B4BBD734E38F /* FormatPicker.swift */,
				8B4764B98BBD346D76737E35 /* HistogramView.swift */,
				1C150BAF8709BCFED4993C91 /* KelvinSlider.swift */,
				0A566184CC1F5F2A753749B1 /* ScrubSlider.swift */,
				E09F526981DDB0DC07EBE25B /* SectionHeader.swift */
			);
			path = "Controls";
			sourceTree = "<group>";
		};
		693CC6A013D51C48AD42411E /* Exporter.swift */ = {isa = PBXFileReference; lastKnownFileType = sourcecode.swift; path = "Exporter.swift"; sourceTree = "<group>"; };
		B41B7BC799E9456E23F5B02A /* ExportSheet.swift */ = {isa = PBXFileReference; lastKnownFileType = sourcecode.swift; path = "ExportSheet.swift"; sourceTree = "<group>"; };
		F3715649F1A406765A80040E /* Export */ = {
			isa = PBXGroup;
			children = (
				693CC6A013D51C48AD42411E /* Exporter.swift */,
				B41B7BC799E9456E23F5B02A /* ExportSheet.swift */
			);
			path = "Export";
			sourceTree = "<group>";
		};
		F22771A82B8035161D5F3CD1 /* ImageDecoder.swift */ = {isa = PBXFileReference; lastKnownFileType = sourcecode.swift; path = "ImageDecoder.swift"; sourceTree = "<group>"; };
		D2BA506BEC28BFD272DBB926 /* Library.swift */ = {isa = PBXFileReference; lastKnownFileType = sourcecode.swift; path = "Library.swift"; sourceTree = "<group>"; };
		516727297732E9195B27EC3B /* LinearCache.swift */ = {isa = PBXFileReference; lastKnownFileType = sourcecode.swift; path = "LinearCache.swift"; sourceTree = "<group>"; };
		D73C24DFC8A98F49369F4E04 /* ThumbnailCache.swift */ = {isa = PBXFileReference; lastKnownFileType = sourcecode.swift; path = "ThumbnailCache.swift"; sourceTree = "<group>"; };
		696585690C11B809CEBFECFB /* Import */ = {
			isa = PBXGroup;
			children = (
				F22771A82B8035161D5F3CD1 /* ImageDecoder.swift */,
				D2BA506BEC28BFD272DBB926 /* Library.swift */,
				516727297732E9195B27EC3B /* LinearCache.swift */,
				D73C24DFC8A98F49369F4E04 /* ThumbnailCache.swift */
			);
			path = "Import";
			sourceTree = "<group>";
		};
		7BD14A759E5F78D4F5A24D89 /* Adjustments.swift */ = {isa = PBXFileReference; lastKnownFileType = sourcecode.swift; path = "Adjustments.swift"; sourceTree = "<group>"; };
		5BC2DC63D88AC92EC5B434CF /* CurveMath.swift */ = {isa = PBXFileReference; lastKnownFileType = sourcecode.swift; path = "CurveMath.swift"; sourceTree = "<group>"; };
		FC36E965798AA7E3335558F0 /* FeatureFlags.swift */ = {isa = PBXFileReference; lastKnownFileType = sourcecode.swift; path = "FeatureFlags.swift"; sourceTree = "<group>"; };
		A02C2D50FD6D3F5E2D3F6D21 /* Frame.swift */ = {isa = PBXFileReference; lastKnownFileType = sourcecode.swift; path = "Frame.swift"; sourceTree = "<group>"; };
		6AC13A4710805FA7B0025F33 /* Geometry.swift */ = {isa = PBXFileReference; lastKnownFileType = sourcecode.swift; path = "Geometry.swift"; sourceTree = "<group>"; };
		BE4D202F2DBD7B6429D81AD9 /* Mask.swift */ = {isa = PBXFileReference; lastKnownFileType = sourcecode.swift; path = "Mask.swift"; sourceTree = "<group>"; };
		C42B4DEB9289F877E08F1924 /* Params.swift */ = {isa = PBXFileReference; lastKnownFileType = sourcecode.swift; path = "Params.swift"; sourceTree = "<group>"; };
		328F3AC1847ED0CBF51741D4 /* Session.swift */ = {isa = PBXFileReference; lastKnownFileType = sourcecode.swift; path = "Session.swift"; sourceTree = "<group>"; };
		34600B41B60D2DBED8CAA7E4 /* Sidecar.swift */ = {isa = PBXFileReference; lastKnownFileType = sourcecode.swift; path = "Sidecar.swift"; sourceTree = "<group>"; };
		5BFA5A7A74D147A064C30C3E /* StockCatalog.swift */ = {isa = PBXFileReference; lastKnownFileType = sourcecode.swift; path = "StockCatalog.swift"; sourceTree = "<group>"; };
		917DF2840BFBD2B0AF45B212 /* Model */ = {
			isa = PBXGroup;
			children = (
				7BD14A759E5F78D4F5A24D89 /* Adjustments.swift */,
				5BC2DC63D88AC92EC5B434CF /* CurveMath.swift */,
				FC36E965798AA7E3335558F0 /* FeatureFlags.swift */,
				A02C2D50FD6D3F5E2D3F6D21 /* Frame.swift */,
				6AC13A4710805FA7B0025F33 /* Geometry.swift */,
				BE4D202F2DBD7B6429D81AD9 /* Mask.swift */,
				C42B4DEB9289F877E08F1924 /* Params.swift */,
				328F3AC1847ED0CBF51741D4 /* Session.swift */,
				34600B41B60D2DBED8CAA7E4 /* Sidecar.swift */,
				5BFA5A7A74D147A064C30C3E /* StockCatalog.swift */
			);
			path = "Model";
			sourceTree = "<group>";
		};
		63B7834B0A92F26FD0D064CB /* CameraSection.swift */ = {isa = PBXFileReference; lastKnownFileType = sourcecode.swift; path = "CameraSection.swift"; sourceTree = "<group>"; };
		58D8F533F7A9422B3091769D /* CropSection.swift */ = {isa = PBXFileReference; lastKnownFileType = sourcecode.swift; path = "CropSection.swift"; sourceTree = "<group>"; };
		E619F6B9889FA7E5F263358B /* EnlargerSection.swift */ = {isa = PBXFileReference; lastKnownFileType = sourcecode.swift; path = "EnlargerSection.swift"; sourceTree = "<group>"; };
		EF3ECFC337AF7B6BB1270770 /* FeaturesSection.swift */ = {isa = PBXFileReference; lastKnownFileType = sourcecode.swift; path = "FeaturesSection.swift"; sourceTree = "<group>"; };
		2EBF7E2C5145806F45C0DBA0 /* FilmProfileSection.swift */ = {isa = PBXFileReference; lastKnownFileType = sourcecode.swift; path = "FilmProfileSection.swift"; sourceTree = "<group>"; };
		A3418203E8CB720532D5B4CF /* MasksSection.swift */ = {isa = PBXFileReference; lastKnownFileType = sourcecode.swift; path = "MasksSection.swift"; sourceTree = "<group>"; };
		53F107BC85C6240F42CFD97C /* PrintProfileSection.swift */ = {isa = PBXFileReference; lastKnownFileType = sourcecode.swift; path = "PrintProfileSection.swift"; sourceTree = "<group>"; };
		B127F3526410452C0129D050 /* RightSections.swift */ = {isa = PBXFileReference; lastKnownFileType = sourcecode.swift; path = "RightSections.swift"; sourceTree = "<group>"; };
		F0350986B855A50E3FFFF312 /* Sections */ = {
			isa = PBXGroup;
			children = (
				63B7834B0A92F26FD0D064CB /* CameraSection.swift */,
				58D8F533F7A9422B3091769D /* CropSection.swift */,
				E619F6B9889FA7E5F263358B /* EnlargerSection.swift */,
				EF3ECFC337AF7B6BB1270770 /* FeaturesSection.swift */,
				2EBF7E2C5145806F45C0DBA0 /* FilmProfileSection.swift */,
				A3418203E8CB720532D5B4CF /* MasksSection.swift */,
				53F107BC85C6240F42CFD97C /* PrintProfileSection.swift */,
				B127F3526410452C0129D050 /* RightSections.swift */
			);
			path = "Sections";
			sourceTree = "<group>";
		};
		5D6616A8AE8BDBF35E1A2120 /* Filmstrip.swift */ = {isa = PBXFileReference; lastKnownFileType = sourcecode.swift; path = "Filmstrip.swift"; sourceTree = "<group>"; };
		D47835E8B05FDFA33E235A3E /* LeftPanel.swift */ = {isa = PBXFileReference; lastKnownFileType = sourcecode.swift; path = "LeftPanel.swift"; sourceTree = "<group>"; };
		C72C2D38653D03EEAE2393C1 /* RightPanel.swift */ = {isa = PBXFileReference; lastKnownFileType = sourcecode.swift; path = "RightPanel.swift"; sourceTree = "<group>"; };
		2B4C7F6F2ECA571CFCB6B624 /* Panels */ = {
			isa = PBXGroup;
			children = (
				F0350986B855A50E3FFFF312 /* Sections */,
				5D6616A8AE8BDBF35E1A2120 /* Filmstrip.swift */,
				D47835E8B05FDFA33E235A3E /* LeftPanel.swift */,
				C72C2D38653D03EEAE2393C1 /* RightPanel.swift */
			);
			path = "Panels";
			sourceTree = "<group>";
		};
		3CCEC3F26705D6819C65A60B /* Resources */ = {isa = PBXFileReference; lastKnownFileType = folder; path = Resources; sourceTree = "<group>"; };
		BAC307A47D6F76302B897A1E /* EngineClient.swift */ = {isa = PBXFileReference; lastKnownFileType = sourcecode.swift; path = "EngineClient.swift"; sourceTree = "<group>"; };
		CC2B2BC90455A9EA24E3E716 /* Methods.swift */ = {isa = PBXFileReference; lastKnownFileType = sourcecode.swift; path = "Methods.swift"; sourceTree = "<group>"; };
		DE976148AF21CF886D599656 /* RenderScheduler.swift */ = {isa = PBXFileReference; lastKnownFileType = sourcecode.swift; path = "RenderScheduler.swift"; sourceTree = "<group>"; };
		0AFE98D44DD0FE2BF0D87E95 /* Spektrafilm-Bridging-Header.h */ = {isa = PBXFileReference; lastKnownFileType = sourcecode.c.h; path = "Spektrafilm-Bridging-Header.h"; sourceTree = "<group>"; };
		65D1C8FA5DFC679DA518FF8F /* Service */ = {
			isa = PBXGroup;
			children = (
				BAC307A47D6F76302B897A1E /* EngineClient.swift */,
				CC2B2BC90455A9EA24E3E716 /* Methods.swift */,
				DE976148AF21CF886D599656 /* RenderScheduler.swift */,
				0AFE98D44DD0FE2BF0D87E95 /* Spektrafilm-Bridging-Header.h */
			);
			path = "Service";
			sourceTree = "<group>";
		};
		99DD52B5777F1B47C013FE24 /* Theme.swift */ = {isa = PBXFileReference; lastKnownFileType = sourcecode.swift; path = "Theme.swift"; sourceTree = "<group>"; };
		AEC4503C68381977E4B676F6 /* Theme */ = {
			isa = PBXGroup;
			children = (
				99DD52B5777F1B47C013FE24 /* Theme.swift */
			);
			path = "Theme";
			sourceTree = "<group>";
		};
		644C3C5C6B6D920DEE18AEB1 /* BootWindow.swift */ = {isa = PBXFileReference; lastKnownFileType = sourcecode.swift; path = "BootWindow.swift"; sourceTree = "<group>"; };
		A93A35E01D7C5ADFCD2693CB /* BrowseView.swift */ = {isa = PBXFileReference; lastKnownFileType = sourcecode.swift; path = "BrowseView.swift"; sourceTree = "<group>"; };
		E7062B514044B1050E1F1CA9 /* CollapseTab.swift */ = {isa = PBXFileReference; lastKnownFileType = sourcecode.swift; path = "CollapseTab.swift"; sourceTree = "<group>"; };
		160FC1AA3C87A980448495BD /* EditorWindow.swift */ = {isa = PBXFileReference; lastKnownFileType = sourcecode.swift; path = "EditorWindow.swift"; sourceTree = "<group>"; };
		86F51859732FC4916476E8A1 /* TopBar.swift */ = {isa = PBXFileReference; lastKnownFileType = sourcecode.swift; path = "TopBar.swift"; sourceTree = "<group>"; };
		3FC40DFF1C8B85BA997D1C92 /* TrafficLights.swift */ = {isa = PBXFileReference; lastKnownFileType = sourcecode.swift; path = "TrafficLights.swift"; sourceTree = "<group>"; };
		68EA22A34676BD77F1760903 /* Windows */ = {
			isa = PBXGroup;
			children = (
				644C3C5C6B6D920DEE18AEB1 /* BootWindow.swift */,
				A93A35E01D7C5ADFCD2693CB /* BrowseView.swift */,
				E7062B514044B1050E1F1CA9 /* CollapseTab.swift */,
				160FC1AA3C87A980448495BD /* EditorWindow.swift */,
				86F51859732FC4916476E8A1 /* TopBar.swift */,
				3FC40DFF1C8B85BA997D1C92 /* TrafficLights.swift */
			);
			path = "Windows";
			sourceTree = "<group>";
		};
		4BACAA596D3E41E6EFBD8B83 /* Info.plist */ = {isa = PBXFileReference; lastKnownFileType = text.plist.xml; path = "Info.plist"; sourceTree = "<group>"; };
		36EA306F38F8D7CCCAA1591D /* Spektrafilm.entitlements */ = {isa = PBXFileReference; lastKnownFileType = text.plist.entitlements; path = "Spektrafilm.entitlements"; sourceTree = "<group>"; };
		AE91E3D1136C0574EEA49D4A /* SpektrafilmApp.swift */ = {isa = PBXFileReference; lastKnownFileType = sourcecode.swift; path = "SpektrafilmApp.swift"; sourceTree = "<group>"; };
		97F64766A459EBA203E857B8 /* Spektrafilm */ = {
			isa = PBXGroup;
			children = (
				9A0C8A0EB877AFA4B59F2ED4 /* Assets.xcassets */,
				74A064D34CE36A1A0A478638 /* Canvas */,
				B81655C3560B950CAFC0B634 /* Controls */,
				F3715649F1A406765A80040E /* Export */,
				696585690C11B809CEBFECFB /* Import */,
				917DF2840BFBD2B0AF45B212 /* Model */,
				2B4C7F6F2ECA571CFCB6B624 /* Panels */,
				3CCEC3F26705D6819C65A60B /* Resources */,
				65D1C8FA5DFC679DA518FF8F /* Service */,
				AEC4503C68381977E4B676F6 /* Theme */,
				68EA22A34676BD77F1760903 /* Windows */,
				4BACAA596D3E41E6EFBD8B83 /* Info.plist */,
				36EA306F38F8D7CCCAA1591D /* Spektrafilm.entitlements */,
				AE91E3D1136C0574EEA49D4A /* SpektrafilmApp.swift */
			);
			path = "Spektrafilm";
			sourceTree = "<group>";
		};
		E6A23AED59A7DC706EEF5A37 /* CanvasViewTests.swift */ = {isa = PBXFileReference; lastKnownFileType = sourcecode.swift; path = "CanvasViewTests.swift"; sourceTree = "<group>"; };
		4334CBFCCDA1F207392FFFE1 /* CompareAndFlagsTests.swift */ = {isa = PBXFileReference; lastKnownFileType = sourcecode.swift; path = "CompareAndFlagsTests.swift"; sourceTree = "<group>"; };
		161DD0623DE183C7D1120EED /* CurveMathTests.swift */ = {isa = PBXFileReference; lastKnownFileType = sourcecode.swift; path = "CurveMathTests.swift"; sourceTree = "<group>"; };
		05A13E7B8473337DA4F6B8FE /* EngineClientTests.swift */ = {isa = PBXFileReference; lastKnownFileType = sourcecode.swift; path = "EngineClientTests.swift"; sourceTree = "<group>"; };
		680FB4F2579B6CE01A3E641D /* FrontendPolicyTests.swift */ = {isa = PBXFileReference; lastKnownFileType = sourcecode.swift; path = "FrontendPolicyTests.swift"; sourceTree = "<group>"; };
		B8057DF6F7586C513DC4C6D8 /* GeometryContractTests.swift */ = {isa = PBXFileReference; lastKnownFileType = sourcecode.swift; path = "GeometryContractTests.swift"; sourceTree = "<group>"; };
		6B156718E1AE69C25B473A8F /* GeometryTests.swift */ = {isa = PBXFileReference; lastKnownFileType = sourcecode.swift; path = "GeometryTests.swift"; sourceTree = "<group>"; };
		0CFA312A5F866E734F736E61 /* LayoutTests.swift */ = {isa = PBXFileReference; lastKnownFileType = sourcecode.swift; path = "LayoutTests.swift"; sourceTree = "<group>"; };
		332D14B32AAD81387A7DD138 /* MaskTests.swift */ = {isa = PBXFileReference; lastKnownFileType = sourcecode.swift; path = "MaskTests.swift"; sourceTree = "<group>"; };
		D535AB20AF82118A0962C13F /* ParamsTests.swift */ = {isa = PBXFileReference; lastKnownFileType = sourcecode.swift; path = "ParamsTests.swift"; sourceTree = "<group>"; };
		70F2B5843ED40F2BAD7DFEDD /* RendererTests.swift */ = {isa = PBXFileReference; lastKnownFileType = sourcecode.swift; path = "RendererTests.swift"; sourceTree = "<group>"; };
		0A69EAE576B15BF34E5745A9 /* TIFFHandoffTests.swift */ = {isa = PBXFileReference; lastKnownFileType = sourcecode.swift; path = "TIFFHandoffTests.swift"; sourceTree = "<group>"; };
		B30E2FCC7C48E3CDEB2823F5 /* ViewportStateTests.swift */ = {isa = PBXFileReference; lastKnownFileType = sourcecode.swift; path = "ViewportStateTests.swift"; sourceTree = "<group>"; };
		09B059C0BF2C058329FCECB2 /* SpektrafilmTests */ = {
			isa = PBXGroup;
			children = (
				E6A23AED59A7DC706EEF5A37 /* CanvasViewTests.swift */,
				4334CBFCCDA1F207392FFFE1 /* CompareAndFlagsTests.swift */,
				161DD0623DE183C7D1120EED /* CurveMathTests.swift */,
				05A13E7B8473337DA4F6B8FE /* EngineClientTests.swift */,
				680FB4F2579B6CE01A3E641D /* FrontendPolicyTests.swift */,
				B8057DF6F7586C513DC4C6D8 /* GeometryContractTests.swift */,
				6B156718E1AE69C25B473A8F /* GeometryTests.swift */,
				0CFA312A5F866E734F736E61 /* LayoutTests.swift */,
				332D14B32AAD81387A7DD138 /* MaskTests.swift */,
				D535AB20AF82118A0962C13F /* ParamsTests.swift */,
				70F2B5843ED40F2BAD7DFEDD /* RendererTests.swift */,
				0A69EAE576B15BF34E5745A9 /* TIFFHandoffTests.swift */,
				B30E2FCC7C48E3CDEB2823F5 /* ViewportStateTests.swift */
			);
			path = "SpektrafilmTests";
			sourceTree = "<group>";
		};
		3A46B823EB154761A6BF7A40 /* capture-live.sh */ = {isa = PBXFileReference; lastKnownFileType = text.script.sh; path = "capture-live.sh"; sourceTree = "<group>"; };
		871C92CEB47259580798BCA0 /* check-engine-resources.sh */ = {isa = PBXFileReference; lastKnownFileType = text.script.sh; path = "check-engine-resources.sh"; sourceTree = "<group>"; };
		40B93B861DD78BF8A17094C9 /* compare-layout.py */ = {isa = PBXFileReference; lastKnownFileType = text.script.python; path = "compare-layout.py"; sourceTree = "<group>"; };
		907F64D7CA2A857F64DF3134 /* gen-catalog.py */ = {isa = PBXFileReference; lastKnownFileType = text.script.python; path = "gen-catalog.py"; sourceTree = "<group>"; };
		D657F6587F062BF4541C2DCE /* gen-project.py */ = {isa = PBXFileReference; lastKnownFileType = text.script.python; path = "gen-project.py"; sourceTree = "<group>"; };
		0623FFEA4399ED7F0B3F5E04 /* live-window.swift */ = {isa = PBXFileReference; lastKnownFileType = sourcecode.swift; path = "live-window.swift"; sourceTree = "<group>"; };
		F5DFA6BBBFD96A83DFEAE91D /* make-smoke.py */ = {isa = PBXFileReference; lastKnownFileType = text.script.python; path = "make-smoke.py"; sourceTree = "<group>"; };
		87314BD67C9F03FF90F10BE7 /* snapshot.sh */ = {isa = PBXFileReference; lastKnownFileType = text.script.sh; path = "snapshot.sh"; sourceTree = "<group>"; };
		B15C2DB998636C9DEE424DF8 /* Tools */ = {
			isa = PBXGroup;
			children = (
				3A46B823EB154761A6BF7A40 /* capture-live.sh */,
				871C92CEB47259580798BCA0 /* check-engine-resources.sh */,
				40B93B861DD78BF8A17094C9 /* compare-layout.py */,
				907F64D7CA2A857F64DF3134 /* gen-catalog.py */,
				D657F6587F062BF4541C2DCE /* gen-project.py */,
				0623FFEA4399ED7F0B3F5E04 /* live-window.swift */,
				F5DFA6BBBFD96A83DFEAE91D /* make-smoke.py */,
				87314BD67C9F03FF90F10BE7 /* snapshot.sh */
			);
			path = "Tools";
			sourceTree = "<group>";
		};
		4AE77991B35C0D2578668A4D /* blob.cpp */ = {isa = PBXFileReference; lastKnownFileType = sourcecode.cpp.cpp; name = "blob.cpp"; path = "../../engine/src/core/blob.cpp"; sourceTree = SOURCE_ROOT; };
		5E12AA6268ED8B70960FB611 /* cam16.cpp */ = {isa = PBXFileReference; lastKnownFileType = sourcecode.cpp.cpp; name = "cam16.cpp"; path = "../../engine/src/core/cam16.cpp"; sourceTree = SOURCE_ROOT; };
		82C68D52B4AC7EEEABAA2E0F /* colour.cpp */ = {isa = PBXFileReference; lastKnownFileType = sourcecode.cpp.cpp; name = "colour.cpp"; path = "../../engine/src/core/colour.cpp"; sourceTree = SOURCE_ROOT; };
		07E8BDBCBED237DE2FC0F943 /* curves.cpp */ = {isa = PBXFileReference; lastKnownFileType = sourcecode.cpp.cpp; name = "curves.cpp"; path = "../../engine/src/core/curves.cpp"; sourceTree = SOURCE_ROOT; };
		FE41CD0D1F67586717EC7214 /* hanatos.cpp */ = {isa = PBXFileReference; lastKnownFileType = sourcecode.cpp.cpp; name = "hanatos.cpp"; path = "../../engine/src/core/hanatos.cpp"; sourceTree = SOURCE_ROOT; };
		8EE65348773C45B1D968F31C /* json.cpp */ = {isa = PBXFileReference; lastKnownFileType = sourcecode.cpp.cpp; name = "json.cpp"; path = "../../engine/src/core/json.cpp"; sourceTree = SOURCE_ROOT; };
		31570D5FF5811B6726E46061 /* numeric.cpp */ = {isa = PBXFileReference; lastKnownFileType = sourcecode.cpp.cpp; name = "numeric.cpp"; path = "../../engine/src/core/numeric.cpp"; sourceTree = SOURCE_ROOT; };
		D54583B8F05D0A2875FE11AA /* params.cpp */ = {isa = PBXFileReference; lastKnownFileType = sourcecode.cpp.cpp; name = "params.cpp"; path = "../../engine/src/core/params.cpp"; sourceTree = SOURCE_ROOT; };
		96B09847B1308EB125672DC2 /* printing.cpp */ = {isa = PBXFileReference; lastKnownFileType = sourcecode.cpp.cpp; name = "printing.cpp"; path = "../../engine/src/core/printing.cpp"; sourceTree = SOURCE_ROOT; };
		34FC33B09373B76FB63801AA /* profile.cpp */ = {isa = PBXFileReference; lastKnownFileType = sourcecode.cpp.cpp; name = "profile.cpp"; path = "../../engine/src/core/profile.cpp"; sourceTree = SOURCE_ROOT; };
		323F07930BF63C7C5F91540E /* spectral.cpp */ = {isa = PBXFileReference; lastKnownFileType = sourcecode.cpp.cpp; name = "spectral.cpp"; path = "../../engine/src/core/spectral.cpp"; sourceTree = SOURCE_ROOT; };
		5DD87A6D0C73628E145AAEA0 /* metal_gpu.cpp */ = {isa = PBXFileReference; lastKnownFileType = sourcecode.cpp.cpp; name = "metal_gpu.cpp"; path = "../../engine/src/gpu/metal_gpu.cpp"; sourceTree = SOURCE_ROOT; };
		D153B60031408AE88389D45D /* metal_impl.cpp */ = {isa = PBXFileReference; lastKnownFileType = sourcecode.cpp.cpp; name = "metal_impl.cpp"; path = "../../engine/src/gpu/metal_impl.cpp"; sourceTree = SOURCE_ROOT; };
		D0529F7B7D3936D15E44D542 /* blur.cpp */ = {isa = PBXFileReference; lastKnownFileType = sourcecode.cpp.cpp; name = "blur.cpp"; path = "../../engine/src/pipeline/blur.cpp"; sourceTree = SOURCE_ROOT; };
		21B72BAC7FE8B7705AEB18BA /* engine.cpp */ = {isa = PBXFileReference; lastKnownFileType = sourcecode.cpp.cpp; name = "engine.cpp"; path = "../../engine/src/pipeline/engine.cpp"; sourceTree = SOURCE_ROOT; };
		1570483CC842799AAC479D62 /* pipeline.cpp */ = {isa = PBXFileReference; lastKnownFileType = sourcecode.cpp.cpp; name = "pipeline.cpp"; path = "../../engine/src/pipeline/pipeline.cpp"; sourceTree = SOURCE_ROOT; };
		6E206BF4A16CC067140F0164 /* Engine */ = {
			isa = PBXGroup;
			children = (
				4AE77991B35C0D2578668A4D /* blob.cpp */,
				5E12AA6268ED8B70960FB611 /* cam16.cpp */,
				82C68D52B4AC7EEEABAA2E0F /* colour.cpp */,
				07E8BDBCBED237DE2FC0F943 /* curves.cpp */,
				FE41CD0D1F67586717EC7214 /* hanatos.cpp */,
				8EE65348773C45B1D968F31C /* json.cpp */,
				31570D5FF5811B6726E46061 /* numeric.cpp */,
				D54583B8F05D0A2875FE11AA /* params.cpp */,
				96B09847B1308EB125672DC2 /* printing.cpp */,
				34FC33B09373B76FB63801AA /* profile.cpp */,
				323F07930BF63C7C5F91540E /* spectral.cpp */,
				5DD87A6D0C73628E145AAEA0 /* metal_gpu.cpp */,
				D153B60031408AE88389D45D /* metal_impl.cpp */,
				D0529F7B7D3936D15E44D542 /* blur.cpp */,
				21B72BAC7FE8B7705AEB18BA /* engine.cpp */,
				1570483CC842799AAC479D62 /* pipeline.cpp */
			);
			name = Engine;
			sourceTree = "<group>";
		};
		B6CDB6E5D160E013280D3C68 /* Spektrafilm.app */ = {isa = PBXFileReference; explicitFileType = wrapper.application; includeInIndex = 0; path = Spektrafilm.app; sourceTree = BUILT_PRODUCTS_DIR; };
		E02A90D9643568EA39115CFB /* SpektrafilmTests.xctest */ = {isa = PBXFileReference; explicitFileType = wrapper.cfbundle; includeInIndex = 0; path = SpektrafilmTests.xctest; sourceTree = BUILT_PRODUCTS_DIR; };
		00C45FD35CB0F9C5F764F070 /* Products */ = {
			isa = PBXGroup;
			children = (
				B6CDB6E5D160E013280D3C68,
				E02A90D9643568EA39115CFB
			);
			name = Products;
			sourceTree = "<group>";
		};
		ADCF10F76EBF2A74473E9DC4 = {
			isa = PBXGroup;
			children = (
				97F64766A459EBA203E857B8,
				6E206BF4A16CC067140F0164,
				09B059C0BF2C058329FCECB2,
				B15C2DB998636C9DEE424DF8,
				00C45FD35CB0F9C5F764F070
			);
			sourceTree = "<group>";
		};
		EDFB002D640448D8AA01B233 /* CompareOverlay.swift */ = {isa = PBXBuildFile; fileRef = 36A126B6EE6C0850AF480C57; };
		D5A67D16F3725D935A65B955 /* CropOverlay.swift */ = {isa = PBXBuildFile; fileRef = F5450AC21C24796E4C0E3D00; };
		11B1C8B5153D442D69EC4314 /* MaskOverlay.swift */ = {isa = PBXBuildFile; fileRef = AA71F11FFA333D653F211766; };
		92FC95FE26DAA581C99DA05B /* MetalCanvasView.swift */ = {isa = PBXBuildFile; fileRef = 0A008A15F891024A1497154E; };
		F830EE9B70CEEB6287B29ECB /* Renderer.swift */ = {isa = PBXBuildFile; fileRef = F21EE21CD8E082061F96E2E6; };
		E00191AC378F02CD0DCF5281 /* Shaders.metal */ = {isa = PBXBuildFile; fileRef = 907FA3AAA81399391CD11EE4; };
		8A779AFD664284AB3DB994A6 /* TextureStore.swift */ = {isa = PBXBuildFile; fileRef = E049CCDDDB06F6E9E3EA42B0; };
		E0BAA7C7CC5E829B8353A055 /* ViewportState.swift */ = {isa = PBXBuildFile; fileRef = 2163CDDFE6211A3827143944; };
		3CED6D10F95647FC93710609 /* BeforeAfterIcon.swift */ = {isa = PBXBuildFile; fileRef = 1A66F1A4BE878677DDD168F8; };
		47B1E0914794B5A81E1E78F4 /* ColorWheel.swift */ = {isa = PBXBuildFile; fileRef = A6AE17D926AD0BE975D3DFD3; };
		7414A0E6C64C51856898CFEE /* CurveEditor.swift */ = {isa = PBXBuildFile; fileRef = 78522D1F29B435A4474D3B41; };
		74585CF8DAFB8E4CA82449F9 /* FormatPicker.swift */ = {isa = PBXBuildFile; fileRef = CE575F9EAAF0B4BBD734E38F; };
		1C5A1803ACED7705EE73A66D /* HistogramView.swift */ = {isa = PBXBuildFile; fileRef = 8B4764B98BBD346D76737E35; };
		FFD4DDA13490E7904511A6B7 /* KelvinSlider.swift */ = {isa = PBXBuildFile; fileRef = 1C150BAF8709BCFED4993C91; };
		699484F141A07CF42A455566 /* ScrubSlider.swift */ = {isa = PBXBuildFile; fileRef = 0A566184CC1F5F2A753749B1; };
		EC5DC601CB2811A93E8ADE3B /* SectionHeader.swift */ = {isa = PBXBuildFile; fileRef = E09F526981DDB0DC07EBE25B; };
		B53C74DB2BEC4B06DEF4B807 /* Exporter.swift */ = {isa = PBXBuildFile; fileRef = 693CC6A013D51C48AD42411E; };
		141EF4A6F6E3B875BE840BED /* ExportSheet.swift */ = {isa = PBXBuildFile; fileRef = B41B7BC799E9456E23F5B02A; };
		FA1DB36E3DD25DAD5AAD47D2 /* ImageDecoder.swift */ = {isa = PBXBuildFile; fileRef = F22771A82B8035161D5F3CD1; };
		AD07BC1A6F3C61C478D98887 /* Library.swift */ = {isa = PBXBuildFile; fileRef = D2BA506BEC28BFD272DBB926; };
		93A1E8B41218FD7117381BCA /* LinearCache.swift */ = {isa = PBXBuildFile; fileRef = 516727297732E9195B27EC3B; };
		7271FA807F5C973788C78AFC /* ThumbnailCache.swift */ = {isa = PBXBuildFile; fileRef = D73C24DFC8A98F49369F4E04; };
		5677C40CF7D037CE694F86BD /* Adjustments.swift */ = {isa = PBXBuildFile; fileRef = 7BD14A759E5F78D4F5A24D89; };
		70E26BB84F902C56794C3487 /* CurveMath.swift */ = {isa = PBXBuildFile; fileRef = 5BC2DC63D88AC92EC5B434CF; };
		A4E5426A69145E5D449465E1 /* FeatureFlags.swift */ = {isa = PBXBuildFile; fileRef = FC36E965798AA7E3335558F0; };
		3D12D2AF8DB3E82F88CCCF2C /* Frame.swift */ = {isa = PBXBuildFile; fileRef = A02C2D50FD6D3F5E2D3F6D21; };
		3503FE80EF2D0C2AC02C627A /* Geometry.swift */ = {isa = PBXBuildFile; fileRef = 6AC13A4710805FA7B0025F33; };
		1A7979365342C640D221FEF5 /* Mask.swift */ = {isa = PBXBuildFile; fileRef = BE4D202F2DBD7B6429D81AD9; };
		ECA3DC086D616DBFC3F992E6 /* Params.swift */ = {isa = PBXBuildFile; fileRef = C42B4DEB9289F877E08F1924; };
		CDFE68666DE2C315E77F7236 /* Session.swift */ = {isa = PBXBuildFile; fileRef = 328F3AC1847ED0CBF51741D4; };
		94D17D0DC2F724B8BBD0989D /* Sidecar.swift */ = {isa = PBXBuildFile; fileRef = 34600B41B60D2DBED8CAA7E4; };
		2B8B68B4765B80AE1E204CCD /* StockCatalog.swift */ = {isa = PBXBuildFile; fileRef = 5BFA5A7A74D147A064C30C3E; };
		B4F2A35E4CB729FF4D9924B3 /* CameraSection.swift */ = {isa = PBXBuildFile; fileRef = 63B7834B0A92F26FD0D064CB; };
		18F2AB5F1217ADBC0840C2C5 /* CropSection.swift */ = {isa = PBXBuildFile; fileRef = 58D8F533F7A9422B3091769D; };
		756510DF154A0C456DA3F4B2 /* EnlargerSection.swift */ = {isa = PBXBuildFile; fileRef = E619F6B9889FA7E5F263358B; };
		316E96E3F095741CBC3AD749 /* FeaturesSection.swift */ = {isa = PBXBuildFile; fileRef = EF3ECFC337AF7B6BB1270770; };
		25ECFF600309D4E9DB91FA8B /* FilmProfileSection.swift */ = {isa = PBXBuildFile; fileRef = 2EBF7E2C5145806F45C0DBA0; };
		1BB68772A9B503970DE1E470 /* MasksSection.swift */ = {isa = PBXBuildFile; fileRef = A3418203E8CB720532D5B4CF; };
		5A7F5FC1493136EB3D3336D0 /* PrintProfileSection.swift */ = {isa = PBXBuildFile; fileRef = 53F107BC85C6240F42CFD97C; };
		4A030A09395D86E8C5954E2B /* RightSections.swift */ = {isa = PBXBuildFile; fileRef = B127F3526410452C0129D050; };
		CCF471F409B3367D0B43B9EB /* Filmstrip.swift */ = {isa = PBXBuildFile; fileRef = 5D6616A8AE8BDBF35E1A2120; };
		C62F760A04289FB4B908B23E /* LeftPanel.swift */ = {isa = PBXBuildFile; fileRef = D47835E8B05FDFA33E235A3E; };
		3CCC10816711855EF8A483AB /* RightPanel.swift */ = {isa = PBXBuildFile; fileRef = C72C2D38653D03EEAE2393C1; };
		E3B3644C25235A6C28182ECF /* EngineClient.swift */ = {isa = PBXBuildFile; fileRef = BAC307A47D6F76302B897A1E; };
		A394D2865ED231DC4E689EF6 /* Methods.swift */ = {isa = PBXBuildFile; fileRef = CC2B2BC90455A9EA24E3E716; };
		6625CDBA42276F9AC87D1C3D /* RenderScheduler.swift */ = {isa = PBXBuildFile; fileRef = DE976148AF21CF886D599656; };
		8676E7DDCD7C4091B33A2290 /* Theme.swift */ = {isa = PBXBuildFile; fileRef = 99DD52B5777F1B47C013FE24; };
		083D2FD0AFE185C84AA1E5A1 /* BootWindow.swift */ = {isa = PBXBuildFile; fileRef = 644C3C5C6B6D920DEE18AEB1; };
		C2DAF32A79E3A15DBEA4D0AF /* BrowseView.swift */ = {isa = PBXBuildFile; fileRef = A93A35E01D7C5ADFCD2693CB; };
		038D2A809E0C34970C6557CF /* CollapseTab.swift */ = {isa = PBXBuildFile; fileRef = E7062B514044B1050E1F1CA9; };
		C6C5D6A4F0698D7B38B79FD1 /* EditorWindow.swift */ = {isa = PBXBuildFile; fileRef = 160FC1AA3C87A980448495BD; };
		FB6BD13DF5D4CFD5676E1B8B /* TopBar.swift */ = {isa = PBXBuildFile; fileRef = 86F51859732FC4916476E8A1; };
		1CACD6876969ED48F289275B /* TrafficLights.swift */ = {isa = PBXBuildFile; fileRef = 3FC40DFF1C8B85BA997D1C92; };
		8D2FAA3202FF7D1008F53E59 /* SpektrafilmApp.swift */ = {isa = PBXBuildFile; fileRef = AE91E3D1136C0574EEA49D4A; };
		EE1176168B2529D99B8B3AD1 /* blob.cpp */ = {isa = PBXBuildFile; fileRef = 4AE77991B35C0D2578668A4D; };
		B619288CF0BBB4CFD6264E34 /* cam16.cpp */ = {isa = PBXBuildFile; fileRef = 5E12AA6268ED8B70960FB611; };
		18D2802403CC58C656E2070C /* colour.cpp */ = {isa = PBXBuildFile; fileRef = 82C68D52B4AC7EEEABAA2E0F; };
		7BCE162A912930027D1DC3EE /* curves.cpp */ = {isa = PBXBuildFile; fileRef = 07E8BDBCBED237DE2FC0F943; };
		0A3BE94A6DD48B19217D0E50 /* hanatos.cpp */ = {isa = PBXBuildFile; fileRef = FE41CD0D1F67586717EC7214; };
		4A5B0F600DA303ED8ED143F4 /* json.cpp */ = {isa = PBXBuildFile; fileRef = 8EE65348773C45B1D968F31C; };
		2B5593C39C860F89E32C2749 /* numeric.cpp */ = {isa = PBXBuildFile; fileRef = 31570D5FF5811B6726E46061; };
		5DE511A4B8870F758DB9A582 /* params.cpp */ = {isa = PBXBuildFile; fileRef = D54583B8F05D0A2875FE11AA; };
		7D3754AD3F906286852EE680 /* printing.cpp */ = {isa = PBXBuildFile; fileRef = 96B09847B1308EB125672DC2; };
		C632EC0A195196589DE46E9C /* profile.cpp */ = {isa = PBXBuildFile; fileRef = 34FC33B09373B76FB63801AA; };
		425C02E57E7881C5EC18F421 /* spectral.cpp */ = {isa = PBXBuildFile; fileRef = 323F07930BF63C7C5F91540E; };
		3EEE1C8B03BDEC1B93FCC8F7 /* metal_gpu.cpp */ = {isa = PBXBuildFile; fileRef = 5DD87A6D0C73628E145AAEA0; };
		103EE77262E30B7D745D2E9E /* metal_impl.cpp */ = {isa = PBXBuildFile; fileRef = D153B60031408AE88389D45D; };
		8940B6B4FF3DECC5FC81D0EB /* blur.cpp */ = {isa = PBXBuildFile; fileRef = D0529F7B7D3936D15E44D542; };
		B4192276828E91094F2CD86B /* engine.cpp */ = {isa = PBXBuildFile; fileRef = 21B72BAC7FE8B7705AEB18BA; };
		1C995322912984FA1CDB53AE /* pipeline.cpp */ = {isa = PBXBuildFile; fileRef = 1570483CC842799AAC479D62; };
		AB6F1305312B9996E2538FF8 /* app-sources */ = {
			isa = PBXSourcesBuildPhase;
			buildActionMask = 2147483647;
			files = (
				EDFB002D640448D8AA01B233 /* CompareOverlay.swift */,
				D5A67D16F3725D935A65B955 /* CropOverlay.swift */,
				11B1C8B5153D442D69EC4314 /* MaskOverlay.swift */,
				92FC95FE26DAA581C99DA05B /* MetalCanvasView.swift */,
				F830EE9B70CEEB6287B29ECB /* Renderer.swift */,
				E00191AC378F02CD0DCF5281 /* Shaders.metal */,
				8A779AFD664284AB3DB994A6 /* TextureStore.swift */,
				E0BAA7C7CC5E829B8353A055 /* ViewportState.swift */,
				3CED6D10F95647FC93710609 /* BeforeAfterIcon.swift */,
				47B1E0914794B5A81E1E78F4 /* ColorWheel.swift */,
				7414A0E6C64C51856898CFEE /* CurveEditor.swift */,
				74585CF8DAFB8E4CA82449F9 /* FormatPicker.swift */,
				1C5A1803ACED7705EE73A66D /* HistogramView.swift */,
				FFD4DDA13490E7904511A6B7 /* KelvinSlider.swift */,
				699484F141A07CF42A455566 /* ScrubSlider.swift */,
				EC5DC601CB2811A93E8ADE3B /* SectionHeader.swift */,
				B53C74DB2BEC4B06DEF4B807 /* Exporter.swift */,
				141EF4A6F6E3B875BE840BED /* ExportSheet.swift */,
				FA1DB36E3DD25DAD5AAD47D2 /* ImageDecoder.swift */,
				AD07BC1A6F3C61C478D98887 /* Library.swift */,
				93A1E8B41218FD7117381BCA /* LinearCache.swift */,
				7271FA807F5C973788C78AFC /* ThumbnailCache.swift */,
				5677C40CF7D037CE694F86BD /* Adjustments.swift */,
				70E26BB84F902C56794C3487 /* CurveMath.swift */,
				A4E5426A69145E5D449465E1 /* FeatureFlags.swift */,
				3D12D2AF8DB3E82F88CCCF2C /* Frame.swift */,
				3503FE80EF2D0C2AC02C627A /* Geometry.swift */,
				1A7979365342C640D221FEF5 /* Mask.swift */,
				ECA3DC086D616DBFC3F992E6 /* Params.swift */,
				CDFE68666DE2C315E77F7236 /* Session.swift */,
				94D17D0DC2F724B8BBD0989D /* Sidecar.swift */,
				2B8B68B4765B80AE1E204CCD /* StockCatalog.swift */,
				B4F2A35E4CB729FF4D9924B3 /* CameraSection.swift */,
				18F2AB5F1217ADBC0840C2C5 /* CropSection.swift */,
				756510DF154A0C456DA3F4B2 /* EnlargerSection.swift */,
				316E96E3F095741CBC3AD749 /* FeaturesSection.swift */,
				25ECFF600309D4E9DB91FA8B /* FilmProfileSection.swift */,
				1BB68772A9B503970DE1E470 /* MasksSection.swift */,
				5A7F5FC1493136EB3D3336D0 /* PrintProfileSection.swift */,
				4A030A09395D86E8C5954E2B /* RightSections.swift */,
				CCF471F409B3367D0B43B9EB /* Filmstrip.swift */,
				C62F760A04289FB4B908B23E /* LeftPanel.swift */,
				3CCC10816711855EF8A483AB /* RightPanel.swift */,
				E3B3644C25235A6C28182ECF /* EngineClient.swift */,
				A394D2865ED231DC4E689EF6 /* Methods.swift */,
				6625CDBA42276F9AC87D1C3D /* RenderScheduler.swift */,
				8676E7DDCD7C4091B33A2290 /* Theme.swift */,
				083D2FD0AFE185C84AA1E5A1 /* BootWindow.swift */,
				C2DAF32A79E3A15DBEA4D0AF /* BrowseView.swift */,
				038D2A809E0C34970C6557CF /* CollapseTab.swift */,
				C6C5D6A4F0698D7B38B79FD1 /* EditorWindow.swift */,
				FB6BD13DF5D4CFD5676E1B8B /* TopBar.swift */,
				1CACD6876969ED48F289275B /* TrafficLights.swift */,
				8D2FAA3202FF7D1008F53E59 /* SpektrafilmApp.swift */,
				EE1176168B2529D99B8B3AD1 /* blob.cpp */,
				B619288CF0BBB4CFD6264E34 /* cam16.cpp */,
				18D2802403CC58C656E2070C /* colour.cpp */,
				7BCE162A912930027D1DC3EE /* curves.cpp */,
				0A3BE94A6DD48B19217D0E50 /* hanatos.cpp */,
				4A5B0F600DA303ED8ED143F4 /* json.cpp */,
				2B5593C39C860F89E32C2749 /* numeric.cpp */,
				5DE511A4B8870F758DB9A582 /* params.cpp */,
				7D3754AD3F906286852EE680 /* printing.cpp */,
				C632EC0A195196589DE46E9C /* profile.cpp */,
				425C02E57E7881C5EC18F421 /* spectral.cpp */,
				3EEE1C8B03BDEC1B93FCC8F7 /* metal_gpu.cpp */,
				103EE77262E30B7D745D2E9E /* metal_impl.cpp */,
				8940B6B4FF3DECC5FC81D0EB /* blur.cpp */,
				B4192276828E91094F2CD86B /* engine.cpp */,
				1C995322912984FA1CDB53AE /* pipeline.cpp */
			);
			runOnlyForDeploymentPostprocessing = 0;
		};
		E3196C7EFBE9E4EF668CBECB /* Assets.xcassets */ = {isa = PBXBuildFile; fileRef = 9A0C8A0EB877AFA4B59F2ED4; };
		F685842DC92B80ACE9F39C83 /* Resources */ = {isa = PBXBuildFile; fileRef = 3CCEC3F26705D6819C65A60B; };
		C831EECBAB01524E02C71B42 /* app-resources */ = {
			isa = PBXResourcesBuildPhase;
			buildActionMask = 2147483647;
			files = (
				E3196C7EFBE9E4EF668CBECB /* Assets.xcassets */,
				F685842DC92B80ACE9F39C83 /* Resources */
			);
			runOnlyForDeploymentPostprocessing = 0;
		};
		AA9A663971E63899B42E7E70 /* app-frameworks */ = {
			isa = PBXFrameworksBuildPhase;
			buildActionMask = 2147483647;
			files = (

			);
			runOnlyForDeploymentPostprocessing = 0;
		};
		D8FB2239657FB932937E1A93 /* CanvasViewTests.swift */ = {isa = PBXBuildFile; fileRef = E6A23AED59A7DC706EEF5A37; };
		95CB53AEDAADDDB235088D80 /* CompareAndFlagsTests.swift */ = {isa = PBXBuildFile; fileRef = 4334CBFCCDA1F207392FFFE1; };
		03DC6FB630D7A2882C8D54DA /* CurveMathTests.swift */ = {isa = PBXBuildFile; fileRef = 161DD0623DE183C7D1120EED; };
		CC9D13C8BBF9B86CA5A24450 /* EngineClientTests.swift */ = {isa = PBXBuildFile; fileRef = 05A13E7B8473337DA4F6B8FE; };
		36A7DE10220CF01502C836A0 /* FrontendPolicyTests.swift */ = {isa = PBXBuildFile; fileRef = 680FB4F2579B6CE01A3E641D; };
		8F5D59F58B953480EE4A5E9A /* GeometryContractTests.swift */ = {isa = PBXBuildFile; fileRef = B8057DF6F7586C513DC4C6D8; };
		C6E44BB1B77BC6F7C99AECA4 /* GeometryTests.swift */ = {isa = PBXBuildFile; fileRef = 6B156718E1AE69C25B473A8F; };
		20E9D2468C8BEF11A7FD944D /* LayoutTests.swift */ = {isa = PBXBuildFile; fileRef = 0CFA312A5F866E734F736E61; };
		D34DD393F97F62DE05BB57E4 /* MaskTests.swift */ = {isa = PBXBuildFile; fileRef = 332D14B32AAD81387A7DD138; };
		D02819FD7044EC71BA226A8D /* ParamsTests.swift */ = {isa = PBXBuildFile; fileRef = D535AB20AF82118A0962C13F; };
		BD843F73AD6BED906A1B0660 /* RendererTests.swift */ = {isa = PBXBuildFile; fileRef = 70F2B5843ED40F2BAD7DFEDD; };
		9DB35A897A64B6FBCCF1E787 /* TIFFHandoffTests.swift */ = {isa = PBXBuildFile; fileRef = 0A69EAE576B15BF34E5745A9; };
		9A9E4DB1B80C5D6660C7250D /* ViewportStateTests.swift */ = {isa = PBXBuildFile; fileRef = B30E2FCC7C48E3CDEB2823F5; };
		89C6D3E47E14369371B282B0 /* CompareOverlay.swift */ = {isa = PBXBuildFile; fileRef = 36A126B6EE6C0850AF480C57; };
		26A0631C1E76517F3DE5815A /* CropOverlay.swift */ = {isa = PBXBuildFile; fileRef = F5450AC21C24796E4C0E3D00; };
		2F2D63AEA6A6F5150CCB8445 /* MaskOverlay.swift */ = {isa = PBXBuildFile; fileRef = AA71F11FFA333D653F211766; };
		DB38108C5F7D7BC6D49D43A8 /* MetalCanvasView.swift */ = {isa = PBXBuildFile; fileRef = 0A008A15F891024A1497154E; };
		25606FE40D125733224105E4 /* Renderer.swift */ = {isa = PBXBuildFile; fileRef = F21EE21CD8E082061F96E2E6; };
		03579277608141511C319541 /* Shaders.metal */ = {isa = PBXBuildFile; fileRef = 907FA3AAA81399391CD11EE4; };
		FF323AE445ED0075FECF1239 /* TextureStore.swift */ = {isa = PBXBuildFile; fileRef = E049CCDDDB06F6E9E3EA42B0; };
		F89E03368D391C197BDB26FD /* ViewportState.swift */ = {isa = PBXBuildFile; fileRef = 2163CDDFE6211A3827143944; };
		21DF1CCFE0286500EC48B841 /* BeforeAfterIcon.swift */ = {isa = PBXBuildFile; fileRef = 1A66F1A4BE878677DDD168F8; };
		1BFD6A85F34CE073A084BEEA /* ColorWheel.swift */ = {isa = PBXBuildFile; fileRef = A6AE17D926AD0BE975D3DFD3; };
		C4E5CD1B3F5CBBABBCC5000A /* CurveEditor.swift */ = {isa = PBXBuildFile; fileRef = 78522D1F29B435A4474D3B41; };
		E3EAA1DBE0CB8F21627F703E /* FormatPicker.swift */ = {isa = PBXBuildFile; fileRef = CE575F9EAAF0B4BBD734E38F; };
		57AE9E6B893CDB7947550C5E /* HistogramView.swift */ = {isa = PBXBuildFile; fileRef = 8B4764B98BBD346D76737E35; };
		AF2E4297C6DB182A6D51FE83 /* KelvinSlider.swift */ = {isa = PBXBuildFile; fileRef = 1C150BAF8709BCFED4993C91; };
		C97D7DE35ACFE72D250B21D0 /* ScrubSlider.swift */ = {isa = PBXBuildFile; fileRef = 0A566184CC1F5F2A753749B1; };
		AC455C112E3D6F5A20437ACE /* SectionHeader.swift */ = {isa = PBXBuildFile; fileRef = E09F526981DDB0DC07EBE25B; };
		B06A18DDEA1A7919F0A558AC /* Exporter.swift */ = {isa = PBXBuildFile; fileRef = 693CC6A013D51C48AD42411E; };
		EEC5EFB9CA71196B3729BB5C /* ExportSheet.swift */ = {isa = PBXBuildFile; fileRef = B41B7BC799E9456E23F5B02A; };
		68F337DCB7E6306C8F7E0FA7 /* ImageDecoder.swift */ = {isa = PBXBuildFile; fileRef = F22771A82B8035161D5F3CD1; };
		56B52E37F48B3E973AEF9FFF /* Library.swift */ = {isa = PBXBuildFile; fileRef = D2BA506BEC28BFD272DBB926; };
		63CA39FD5BE70884EB0C82E4 /* LinearCache.swift */ = {isa = PBXBuildFile; fileRef = 516727297732E9195B27EC3B; };
		A04D835D9248FC87BB312476 /* ThumbnailCache.swift */ = {isa = PBXBuildFile; fileRef = D73C24DFC8A98F49369F4E04; };
		367981EA1B206C0386746257 /* Adjustments.swift */ = {isa = PBXBuildFile; fileRef = 7BD14A759E5F78D4F5A24D89; };
		E0C31F95F0D233ADAFB0F56E /* CurveMath.swift */ = {isa = PBXBuildFile; fileRef = 5BC2DC63D88AC92EC5B434CF; };
		D0E793F169B789A5D020929B /* FeatureFlags.swift */ = {isa = PBXBuildFile; fileRef = FC36E965798AA7E3335558F0; };
		3A249CAC02A01CFDCA9A3374 /* Frame.swift */ = {isa = PBXBuildFile; fileRef = A02C2D50FD6D3F5E2D3F6D21; };
		960B798930C7D3FA5BFDF934 /* Geometry.swift */ = {isa = PBXBuildFile; fileRef = 6AC13A4710805FA7B0025F33; };
		5A49B8FA99A25D9F70AD17D8 /* Mask.swift */ = {isa = PBXBuildFile; fileRef = BE4D202F2DBD7B6429D81AD9; };
		A2F4CDB9C74348DFFF57B59E /* Params.swift */ = {isa = PBXBuildFile; fileRef = C42B4DEB9289F877E08F1924; };
		2BEE54C243683BB7ECAAF127 /* Session.swift */ = {isa = PBXBuildFile; fileRef = 328F3AC1847ED0CBF51741D4; };
		B86ED0E950C1E90BC55A4ED2 /* Sidecar.swift */ = {isa = PBXBuildFile; fileRef = 34600B41B60D2DBED8CAA7E4; };
		8C9B1C033326DE51803ECE3C /* StockCatalog.swift */ = {isa = PBXBuildFile; fileRef = 5BFA5A7A74D147A064C30C3E; };
		381E25C35E4A1E3F9721B268 /* CameraSection.swift */ = {isa = PBXBuildFile; fileRef = 63B7834B0A92F26FD0D064CB; };
		62608DEF025BB45D861492E0 /* CropSection.swift */ = {isa = PBXBuildFile; fileRef = 58D8F533F7A9422B3091769D; };
		D78E90E119FDD0C29DFE222A /* EnlargerSection.swift */ = {isa = PBXBuildFile; fileRef = E619F6B9889FA7E5F263358B; };
		0522D51DE9C7DFBB709EFE3B /* FeaturesSection.swift */ = {isa = PBXBuildFile; fileRef = EF3ECFC337AF7B6BB1270770; };
		64EEA3E58D16E93268B650A0 /* FilmProfileSection.swift */ = {isa = PBXBuildFile; fileRef = 2EBF7E2C5145806F45C0DBA0; };
		07F7748A8D7DF8E9B566510A /* MasksSection.swift */ = {isa = PBXBuildFile; fileRef = A3418203E8CB720532D5B4CF; };
		A9423327FDCEAFD4A5EFFE2C /* PrintProfileSection.swift */ = {isa = PBXBuildFile; fileRef = 53F107BC85C6240F42CFD97C; };
		94073FA6834038BFF960665A /* RightSections.swift */ = {isa = PBXBuildFile; fileRef = B127F3526410452C0129D050; };
		6016C8BBBCB1A6271F072FF5 /* Filmstrip.swift */ = {isa = PBXBuildFile; fileRef = 5D6616A8AE8BDBF35E1A2120; };
		668EBFF29E4DC2F2AA0B69B0 /* LeftPanel.swift */ = {isa = PBXBuildFile; fileRef = D47835E8B05FDFA33E235A3E; };
		14C3A0FE16B3F5E980DC8CB1 /* RightPanel.swift */ = {isa = PBXBuildFile; fileRef = C72C2D38653D03EEAE2393C1; };
		F5E6C679281876F1A53869FC /* EngineClient.swift */ = {isa = PBXBuildFile; fileRef = BAC307A47D6F76302B897A1E; };
		511A709B370A0526666BC97B /* Methods.swift */ = {isa = PBXBuildFile; fileRef = CC2B2BC90455A9EA24E3E716; };
		868D5027B4E75FDD040F4DA9 /* RenderScheduler.swift */ = {isa = PBXBuildFile; fileRef = DE976148AF21CF886D599656; };
		A6C60B2349A122BF051689F1 /* Theme.swift */ = {isa = PBXBuildFile; fileRef = 99DD52B5777F1B47C013FE24; };
		329CF6910C3616D355AABEAB /* BootWindow.swift */ = {isa = PBXBuildFile; fileRef = 644C3C5C6B6D920DEE18AEB1; };
		22AB5BD4E3D96764B438CDF8 /* BrowseView.swift */ = {isa = PBXBuildFile; fileRef = A93A35E01D7C5ADFCD2693CB; };
		E0F009F6B26E4FF268EF672D /* CollapseTab.swift */ = {isa = PBXBuildFile; fileRef = E7062B514044B1050E1F1CA9; };
		13CE1087EDEB660481DAAFA6 /* EditorWindow.swift */ = {isa = PBXBuildFile; fileRef = 160FC1AA3C87A980448495BD; };
		C63DBAB9AC90AB24F4984CC2 /* TopBar.swift */ = {isa = PBXBuildFile; fileRef = 86F51859732FC4916476E8A1; };
		784EF7FAD35229368916B5FD /* TrafficLights.swift */ = {isa = PBXBuildFile; fileRef = 3FC40DFF1C8B85BA997D1C92; };
		62CF4553654663609224B9AC /* blob.cpp */ = {isa = PBXBuildFile; fileRef = 4AE77991B35C0D2578668A4D; };
		733C74F47C864698E5196C16 /* cam16.cpp */ = {isa = PBXBuildFile; fileRef = 5E12AA6268ED8B70960FB611; };
		6000A0D74BF1A092F9727860 /* colour.cpp */ = {isa = PBXBuildFile; fileRef = 82C68D52B4AC7EEEABAA2E0F; };
		4D466E327BA6E82CB82F7715 /* curves.cpp */ = {isa = PBXBuildFile; fileRef = 07E8BDBCBED237DE2FC0F943; };
		02B86B1577F8435A533F25FC /* hanatos.cpp */ = {isa = PBXBuildFile; fileRef = FE41CD0D1F67586717EC7214; };
		5C6CF34A54531FB09CB9FF36 /* json.cpp */ = {isa = PBXBuildFile; fileRef = 8EE65348773C45B1D968F31C; };
		839E6B8226A99724C62FB35A /* numeric.cpp */ = {isa = PBXBuildFile; fileRef = 31570D5FF5811B6726E46061; };
		2F079AF0AE9D0F3D0098ABCD /* params.cpp */ = {isa = PBXBuildFile; fileRef = D54583B8F05D0A2875FE11AA; };
		20610CD8F3E63F22CDFFDC05 /* printing.cpp */ = {isa = PBXBuildFile; fileRef = 96B09847B1308EB125672DC2; };
		F317D86BB02452DD7E1F3A77 /* profile.cpp */ = {isa = PBXBuildFile; fileRef = 34FC33B09373B76FB63801AA; };
		E4BB296020A0E2278DBB50CB /* spectral.cpp */ = {isa = PBXBuildFile; fileRef = 323F07930BF63C7C5F91540E; };
		89D87924DAC8FD0E2045035E /* metal_gpu.cpp */ = {isa = PBXBuildFile; fileRef = 5DD87A6D0C73628E145AAEA0; };
		32125192E1182E2BFF2E962C /* metal_impl.cpp */ = {isa = PBXBuildFile; fileRef = D153B60031408AE88389D45D; };
		7FEA5C5EF94270D82700C020 /* blur.cpp */ = {isa = PBXBuildFile; fileRef = D0529F7B7D3936D15E44D542; };
		61F6720AEC00B0789AE01162 /* engine.cpp */ = {isa = PBXBuildFile; fileRef = 21B72BAC7FE8B7705AEB18BA; };
		53F8CCC74674D8A45D24BC97 /* pipeline.cpp */ = {isa = PBXBuildFile; fileRef = 1570483CC842799AAC479D62; };
		1F4D89CC2FE4F3BC028B2B29 /* test-sources */ = {
			isa = PBXSourcesBuildPhase;
			buildActionMask = 2147483647;
			files = (
				D8FB2239657FB932937E1A93 /* CanvasViewTests.swift */,
				95CB53AEDAADDDB235088D80 /* CompareAndFlagsTests.swift */,
				03DC6FB630D7A2882C8D54DA /* CurveMathTests.swift */,
				CC9D13C8BBF9B86CA5A24450 /* EngineClientTests.swift */,
				36A7DE10220CF01502C836A0 /* FrontendPolicyTests.swift */,
				8F5D59F58B953480EE4A5E9A /* GeometryContractTests.swift */,
				C6E44BB1B77BC6F7C99AECA4 /* GeometryTests.swift */,
				20E9D2468C8BEF11A7FD944D /* LayoutTests.swift */,
				D34DD393F97F62DE05BB57E4 /* MaskTests.swift */,
				D02819FD7044EC71BA226A8D /* ParamsTests.swift */,
				BD843F73AD6BED906A1B0660 /* RendererTests.swift */,
				9DB35A897A64B6FBCCF1E787 /* TIFFHandoffTests.swift */,
				9A9E4DB1B80C5D6660C7250D /* ViewportStateTests.swift */,
				89C6D3E47E14369371B282B0 /* CompareOverlay.swift */,
				26A0631C1E76517F3DE5815A /* CropOverlay.swift */,
				2F2D63AEA6A6F5150CCB8445 /* MaskOverlay.swift */,
				DB38108C5F7D7BC6D49D43A8 /* MetalCanvasView.swift */,
				25606FE40D125733224105E4 /* Renderer.swift */,
				03579277608141511C319541 /* Shaders.metal */,
				FF323AE445ED0075FECF1239 /* TextureStore.swift */,
				F89E03368D391C197BDB26FD /* ViewportState.swift */,
				21DF1CCFE0286500EC48B841 /* BeforeAfterIcon.swift */,
				1BFD6A85F34CE073A084BEEA /* ColorWheel.swift */,
				C4E5CD1B3F5CBBABBCC5000A /* CurveEditor.swift */,
				E3EAA1DBE0CB8F21627F703E /* FormatPicker.swift */,
				57AE9E6B893CDB7947550C5E /* HistogramView.swift */,
				AF2E4297C6DB182A6D51FE83 /* KelvinSlider.swift */,
				C97D7DE35ACFE72D250B21D0 /* ScrubSlider.swift */,
				AC455C112E3D6F5A20437ACE /* SectionHeader.swift */,
				B06A18DDEA1A7919F0A558AC /* Exporter.swift */,
				EEC5EFB9CA71196B3729BB5C /* ExportSheet.swift */,
				68F337DCB7E6306C8F7E0FA7 /* ImageDecoder.swift */,
				56B52E37F48B3E973AEF9FFF /* Library.swift */,
				63CA39FD5BE70884EB0C82E4 /* LinearCache.swift */,
				A04D835D9248FC87BB312476 /* ThumbnailCache.swift */,
				367981EA1B206C0386746257 /* Adjustments.swift */,
				E0C31F95F0D233ADAFB0F56E /* CurveMath.swift */,
				D0E793F169B789A5D020929B /* FeatureFlags.swift */,
				3A249CAC02A01CFDCA9A3374 /* Frame.swift */,
				960B798930C7D3FA5BFDF934 /* Geometry.swift */,
				5A49B8FA99A25D9F70AD17D8 /* Mask.swift */,
				A2F4CDB9C74348DFFF57B59E /* Params.swift */,
				2BEE54C243683BB7ECAAF127 /* Session.swift */,
				B86ED0E950C1E90BC55A4ED2 /* Sidecar.swift */,
				8C9B1C033326DE51803ECE3C /* StockCatalog.swift */,
				381E25C35E4A1E3F9721B268 /* CameraSection.swift */,
				62608DEF025BB45D861492E0 /* CropSection.swift */,
				D78E90E119FDD0C29DFE222A /* EnlargerSection.swift */,
				0522D51DE9C7DFBB709EFE3B /* FeaturesSection.swift */,
				64EEA3E58D16E93268B650A0 /* FilmProfileSection.swift */,
				07F7748A8D7DF8E9B566510A /* MasksSection.swift */,
				A9423327FDCEAFD4A5EFFE2C /* PrintProfileSection.swift */,
				94073FA6834038BFF960665A /* RightSections.swift */,
				6016C8BBBCB1A6271F072FF5 /* Filmstrip.swift */,
				668EBFF29E4DC2F2AA0B69B0 /* LeftPanel.swift */,
				14C3A0FE16B3F5E980DC8CB1 /* RightPanel.swift */,
				F5E6C679281876F1A53869FC /* EngineClient.swift */,
				511A709B370A0526666BC97B /* Methods.swift */,
				868D5027B4E75FDD040F4DA9 /* RenderScheduler.swift */,
				A6C60B2349A122BF051689F1 /* Theme.swift */,
				329CF6910C3616D355AABEAB /* BootWindow.swift */,
				22AB5BD4E3D96764B438CDF8 /* BrowseView.swift */,
				E0F009F6B26E4FF268EF672D /* CollapseTab.swift */,
				13CE1087EDEB660481DAAFA6 /* EditorWindow.swift */,
				C63DBAB9AC90AB24F4984CC2 /* TopBar.swift */,
				784EF7FAD35229368916B5FD /* TrafficLights.swift */,
				62CF4553654663609224B9AC /* blob.cpp */,
				733C74F47C864698E5196C16 /* cam16.cpp */,
				6000A0D74BF1A092F9727860 /* colour.cpp */,
				4D466E327BA6E82CB82F7715 /* curves.cpp */,
				02B86B1577F8435A533F25FC /* hanatos.cpp */,
				5C6CF34A54531FB09CB9FF36 /* json.cpp */,
				839E6B8226A99724C62FB35A /* numeric.cpp */,
				2F079AF0AE9D0F3D0098ABCD /* params.cpp */,
				20610CD8F3E63F22CDFFDC05 /* printing.cpp */,
				F317D86BB02452DD7E1F3A77 /* profile.cpp */,
				E4BB296020A0E2278DBB50CB /* spectral.cpp */,
				89D87924DAC8FD0E2045035E /* metal_gpu.cpp */,
				32125192E1182E2BFF2E962C /* metal_impl.cpp */,
				7FEA5C5EF94270D82700C020 /* blur.cpp */,
				61F6720AEC00B0789AE01162 /* engine.cpp */,
				53F8CCC74674D8A45D24BC97 /* pipeline.cpp */
			);
			runOnlyForDeploymentPostprocessing = 0;
		};
		496256735271786B866B9918 /* Assets.xcassets */ = {isa = PBXBuildFile; fileRef = 9A0C8A0EB877AFA4B59F2ED4; };
		24DE3E3E96A021F3EB2737C3 /* Resources */ = {isa = PBXBuildFile; fileRef = 3CCEC3F26705D6819C65A60B; };
		201E3014E52B86C5F3284B5C /* test-resources */ = {
			isa = PBXResourcesBuildPhase;
			buildActionMask = 2147483647;
			files = (
				496256735271786B866B9918 /* Assets.xcassets */,
				24DE3E3E96A021F3EB2737C3 /* Resources */
			);
			runOnlyForDeploymentPostprocessing = 0;
		};
		F58B7633F573605290A6D562 /* test-frameworks */ = {
			isa = PBXFrameworksBuildPhase;
			buildActionMask = 2147483647;
			files = (

			);
			runOnlyForDeploymentPostprocessing = 0;
		};
		20A1F637DF0C8F92FA52C1DD /* Check engine resources */ = {
			isa = PBXShellScriptBuildPhase;
			buildActionMask = 2147483647;
			files = (
			);
			inputPaths = (
			);
			name = "Check engine resources";
			outputPaths = (
			);
			runOnlyForDeploymentPostprocessing = 0;
			shellPath = /bin/sh;
			shellScript = "\"$SRCROOT/Tools/check-engine-resources.sh\"\n";
		};
		11809352A555BC659DD7F622 = {
			isa = PBXContainerItemProxy;
			containerPortal = 98F54143AB4E86B28C3AFEE0;
			proxyType = 1;
			remoteGlobalIDString = 29C7B681C8D62CBAC94D51C0;
			remoteInfo = Spektrafilm;
		};
		AC56FEA34320AF0CEBFE18E6 = {
			isa = PBXTargetDependency;
			target = 29C7B681C8D62CBAC94D51C0;
			targetProxy = 11809352A555BC659DD7F622;
		};
		967DE5DAE8F9C3546488D3FD /* Debug */ = {
			isa = XCBuildConfiguration;
			buildSettings = {
				ARCHS = arm64;
				ASSETCATALOG_COMPILER_APPICON_NAME = AppIcon;
				ASSETCATALOG_COMPILER_GLOBAL_ACCENT_COLOR_NAME = AccentColor;
				CLANG_CXX_LANGUAGE_STANDARD = "c++20";
				CLANG_CXX_LIBRARY = "libc++";
				CLANG_ENABLE_MODULES = YES;
				CLANG_ENABLE_OBJC_ARC = NO;
				CODE_SIGN_ENTITLEMENTS = Spektrafilm/Spektrafilm.entitlements;
				CODE_SIGN_IDENTITY = "-";
				CODE_SIGN_STYLE = Automatic;
				COMBINE_HIDPI_IMAGES = YES;
				DEBUG_INFORMATION_FORMAT = dwarf;
				DEVELOPMENT_TEAM = "";
				ENABLE_HARDENED_RUNTIME = NO;
				ENABLE_PREVIEWS = YES;
				ENABLE_TESTABILITY = YES;
				GCC_C_LANGUAGE_STANDARD = c11;
				GCC_OPTIMIZATION_LEVEL = 0;
				GENERATE_INFOPLIST_FILE = NO;
				HEADER_SEARCH_PATHS = (
					"$(SRCROOT)/../../engine/include",
					"$(SRCROOT)/../../engine/src",
					"$(SRCROOT)/../../engine/src/core",
					"$(SRCROOT)/../../engine/third_party/metal-cpp",
				);
				INFOPLIST_FILE = Spektrafilm/Info.plist;
				LD_RUNPATH_SEARCH_PATHS = "$(inherited) @executable_path/../Frameworks";
				MACOSX_DEPLOYMENT_TARGET = 15.0;
				MTL_ENABLE_DEBUG_INFO = INCLUDE_SOURCE;
				MTL_FAST_MATH = YES;
				ONLY_ACTIVE_ARCH = YES;
				OTHER_LDFLAGS = "-framework Metal -framework QuartzCore";
				PRODUCT_BUNDLE_IDENTIFIER = com.hanze.spektrafilm;
				PRODUCT_NAME = Spektrafilm;
				SDKROOT = macosx;
				SWIFT_ACTIVE_COMPILATION_CONDITIONS = DEBUG;
				SWIFT_EMIT_LOC_STRINGS = NO;
				SWIFT_OBJC_BRIDGING_HEADER = "Spektrafilm/Service/Spektrafilm-Bridging-Header.h";
				SWIFT_OPTIMIZATION_LEVEL = "-Onone";
				SWIFT_STRICT_CONCURRENCY = complete;
				SWIFT_VERSION = 6.0;
			};
			name = Debug;
		};
		70A5F3AAC43D0790B57ED51A /* Release */ = {
			isa = XCBuildConfiguration;
			buildSettings = {
				ARCHS = arm64;
				ASSETCATALOG_COMPILER_APPICON_NAME = AppIcon;
				ASSETCATALOG_COMPILER_GLOBAL_ACCENT_COLOR_NAME = AccentColor;
				CLANG_CXX_LANGUAGE_STANDARD = "c++20";
				CLANG_CXX_LIBRARY = "libc++";
				CLANG_ENABLE_MODULES = YES;
				CLANG_ENABLE_OBJC_ARC = NO;
				CODE_SIGN_ENTITLEMENTS = Spektrafilm/Spektrafilm.entitlements;
				CODE_SIGN_IDENTITY = "-";
				CODE_SIGN_STYLE = Automatic;
				COMBINE_HIDPI_IMAGES = YES;
				DEBUG_INFORMATION_FORMAT = "dwarf-with-dsym";
				DEVELOPMENT_TEAM = "";
				ENABLE_HARDENED_RUNTIME = NO;
				ENABLE_PREVIEWS = YES;
				GCC_C_LANGUAGE_STANDARD = c11;
				GENERATE_INFOPLIST_FILE = NO;
				HEADER_SEARCH_PATHS = (
					"$(SRCROOT)/../../engine/include",
					"$(SRCROOT)/../../engine/src",
					"$(SRCROOT)/../../engine/src/core",
					"$(SRCROOT)/../../engine/third_party/metal-cpp",
				);
				INFOPLIST_FILE = Spektrafilm/Info.plist;
				LD_RUNPATH_SEARCH_PATHS = "$(inherited) @executable_path/../Frameworks";
				MACOSX_DEPLOYMENT_TARGET = 15.0;
				MTL_ENABLE_DEBUG_INFO = INCLUDE_SOURCE;
				MTL_FAST_MATH = YES;
				ONLY_ACTIVE_ARCH = YES;
				OTHER_LDFLAGS = "-framework Metal -framework QuartzCore";
				PRODUCT_BUNDLE_IDENTIFIER = com.hanze.spektrafilm;
				PRODUCT_NAME = Spektrafilm;
				SDKROOT = macosx;
				SWIFT_COMPILATION_MODE = wholemodule;
				SWIFT_EMIT_LOC_STRINGS = NO;
				SWIFT_OBJC_BRIDGING_HEADER = "Spektrafilm/Service/Spektrafilm-Bridging-Header.h";
				SWIFT_OPTIMIZATION_LEVEL = "-O";
				SWIFT_STRICT_CONCURRENCY = complete;
				SWIFT_VERSION = 6.0;
			};
			name = Release;
		};
		23746EFE221170E24101FE05 /* app */ = {
			isa = XCConfigurationList;
			buildConfigurations = (
				967DE5DAE8F9C3546488D3FD /* Debug */,
				70A5F3AAC43D0790B57ED51A /* Release */
			);
			defaultConfigurationIsVisible = 0;
			defaultConfigurationName = Release;
		};
		29C7B681C8D62CBAC94D51C0 /* Spektrafilm */ = {
			isa = PBXNativeTarget;
			buildConfigurationList = 23746EFE221170E24101FE05;
			buildPhases = (
				20A1F637DF0C8F92FA52C1DD,
				AB6F1305312B9996E2538FF8,
				AA9A663971E63899B42E7E70,
				C831EECBAB01524E02C71B42
			);
			buildRules = (
			);
			dependencies = (
			);
			name = Spektrafilm;
			productName = Spektrafilm;
			productReference = B6CDB6E5D160E013280D3C68;
			productType = "com.apple.product-type.application";
		};
		7A6254D73776E919A898BF59 /* Debug */ = {
			isa = XCBuildConfiguration;
			buildSettings = {
				ARCHS = arm64;
				ASSETCATALOG_COMPILER_APPICON_NAME = AppIcon;
				ASSETCATALOG_COMPILER_GLOBAL_ACCENT_COLOR_NAME = AccentColor;
				CLANG_CXX_LANGUAGE_STANDARD = "c++20";
				CLANG_CXX_LIBRARY = "libc++";
				CLANG_ENABLE_MODULES = YES;
				CLANG_ENABLE_OBJC_ARC = NO;
				CODE_SIGN_IDENTITY = "-";
				CODE_SIGN_STYLE = Automatic;
				COMBINE_HIDPI_IMAGES = YES;
				DEBUG_INFORMATION_FORMAT = dwarf;
				DEVELOPMENT_TEAM = "";
				ENABLE_HARDENED_RUNTIME = NO;
				ENABLE_TESTABILITY = YES;
				GCC_C_LANGUAGE_STANDARD = c11;
				GCC_OPTIMIZATION_LEVEL = 0;
				GENERATE_INFOPLIST_FILE = YES;
				HEADER_SEARCH_PATHS = (
					"$(SRCROOT)/../../engine/include",
					"$(SRCROOT)/../../engine/src",
					"$(SRCROOT)/../../engine/src/core",
					"$(SRCROOT)/../../engine/third_party/metal-cpp",
				);
				LD_RUNPATH_SEARCH_PATHS = "$(inherited) @executable_path/../Frameworks @loader_path/../Frameworks";
				MACOSX_DEPLOYMENT_TARGET = 15.0;
				MTL_ENABLE_DEBUG_INFO = INCLUDE_SOURCE;
				MTL_FAST_MATH = YES;
				ONLY_ACTIVE_ARCH = YES;
				OTHER_LDFLAGS = "-framework Metal -framework QuartzCore";
				PRODUCT_BUNDLE_IDENTIFIER = com.hanze.spektrafilm.tests;
				PRODUCT_NAME = SpektrafilmTests;
				SDKROOT = macosx;
				SWIFT_ACTIVE_COMPILATION_CONDITIONS = DEBUG;
				SWIFT_EMIT_LOC_STRINGS = NO;
				SWIFT_OBJC_BRIDGING_HEADER = "Spektrafilm/Service/Spektrafilm-Bridging-Header.h";
				SWIFT_OPTIMIZATION_LEVEL = "-Onone";
				SWIFT_STRICT_CONCURRENCY = complete;
				SWIFT_VERSION = 6.0;
			};
			name = Debug;
		};
		7EB3E2C335E8159349623C2B /* Release */ = {
			isa = XCBuildConfiguration;
			buildSettings = {
				ARCHS = arm64;
				ASSETCATALOG_COMPILER_APPICON_NAME = AppIcon;
				ASSETCATALOG_COMPILER_GLOBAL_ACCENT_COLOR_NAME = AccentColor;
				CLANG_CXX_LANGUAGE_STANDARD = "c++20";
				CLANG_CXX_LIBRARY = "libc++";
				CLANG_ENABLE_MODULES = YES;
				CLANG_ENABLE_OBJC_ARC = NO;
				CODE_SIGN_IDENTITY = "-";
				CODE_SIGN_STYLE = Automatic;
				COMBINE_HIDPI_IMAGES = YES;
				DEBUG_INFORMATION_FORMAT = "dwarf-with-dsym";
				DEVELOPMENT_TEAM = "";
				ENABLE_HARDENED_RUNTIME = NO;
				GCC_C_LANGUAGE_STANDARD = c11;
				GENERATE_INFOPLIST_FILE = YES;
				HEADER_SEARCH_PATHS = (
					"$(SRCROOT)/../../engine/include",
					"$(SRCROOT)/../../engine/src",
					"$(SRCROOT)/../../engine/src/core",
					"$(SRCROOT)/../../engine/third_party/metal-cpp",
				);
				LD_RUNPATH_SEARCH_PATHS = "$(inherited) @executable_path/../Frameworks @loader_path/../Frameworks";
				MACOSX_DEPLOYMENT_TARGET = 15.0;
				MTL_ENABLE_DEBUG_INFO = INCLUDE_SOURCE;
				MTL_FAST_MATH = YES;
				ONLY_ACTIVE_ARCH = YES;
				OTHER_LDFLAGS = "-framework Metal -framework QuartzCore";
				PRODUCT_BUNDLE_IDENTIFIER = com.hanze.spektrafilm.tests;
				PRODUCT_NAME = SpektrafilmTests;
				SDKROOT = macosx;
				SWIFT_COMPILATION_MODE = wholemodule;
				SWIFT_EMIT_LOC_STRINGS = NO;
				SWIFT_OBJC_BRIDGING_HEADER = "Spektrafilm/Service/Spektrafilm-Bridging-Header.h";
				SWIFT_OPTIMIZATION_LEVEL = "-O";
				SWIFT_STRICT_CONCURRENCY = complete;
				SWIFT_VERSION = 6.0;
			};
			name = Release;
		};
		D2BE3DDC22BFECC3C59645DA /* tests */ = {
			isa = XCConfigurationList;
			buildConfigurations = (
				7A6254D73776E919A898BF59 /* Debug */,
				7EB3E2C335E8159349623C2B /* Release */
			);
			defaultConfigurationIsVisible = 0;
			defaultConfigurationName = Release;
		};
		7EC8F98B7A265120217712DE /* SpektrafilmTests */ = {
			isa = PBXNativeTarget;
			buildConfigurationList = D2BE3DDC22BFECC3C59645DA;
			buildPhases = (
				1F4D89CC2FE4F3BC028B2B29,
				F58B7633F573605290A6D562,
				201E3014E52B86C5F3284B5C
			);
			buildRules = (
			);
			dependencies = (
			);
			name = SpektrafilmTests;
			productName = SpektrafilmTests;
			productReference = E02A90D9643568EA39115CFB;
			productType = "com.apple.product-type.bundle.unit-test";
		};
		855D4B0C75ECD556474FD8F5 /* Debug */ = {
			isa = XCBuildConfiguration;
			buildSettings = {
				ALWAYS_SEARCH_USER_PATHS = NO;
				CLANG_ENABLE_OBJC_ARC = YES;
				DEBUG_INFORMATION_FORMAT = dwarf;
				ENABLE_STRICT_OBJC_MSGSEND = YES;
				ENABLE_TESTABILITY = YES;
				ENABLE_USER_SCRIPT_SANDBOXING = NO;
				GCC_NO_COMMON_BLOCKS = YES;
				GCC_OPTIMIZATION_LEVEL = 0;
				MACOSX_DEPLOYMENT_TARGET = 15.0;
				SDKROOT = macosx;
				SWIFT_ACTIVE_COMPILATION_CONDITIONS = DEBUG;
				SWIFT_OPTIMIZATION_LEVEL = "-Onone";
				SWIFT_VERSION = 6.0;
			};
			name = Debug;
		};
		4E74312DBBD620AE1CB5D771 /* Release */ = {
			isa = XCBuildConfiguration;
			buildSettings = {
				ALWAYS_SEARCH_USER_PATHS = NO;
				CLANG_ENABLE_OBJC_ARC = YES;
				DEBUG_INFORMATION_FORMAT = "dwarf-with-dsym";
				ENABLE_STRICT_OBJC_MSGSEND = YES;
				ENABLE_USER_SCRIPT_SANDBOXING = NO;
				GCC_NO_COMMON_BLOCKS = YES;
				MACOSX_DEPLOYMENT_TARGET = 15.0;
				SDKROOT = macosx;
				SWIFT_COMPILATION_MODE = wholemodule;
				SWIFT_OPTIMIZATION_LEVEL = "-O";
				SWIFT_VERSION = 6.0;
			};
			name = Release;
		};
		3D29D9F3A882C4202964FB56 /* project */ = {
			isa = XCConfigurationList;
			buildConfigurations = (
				855D4B0C75ECD556474FD8F5 /* Debug */,
				4E74312DBBD620AE1CB5D771 /* Release */
			);
			defaultConfigurationIsVisible = 0;
			defaultConfigurationName = Release;
		};
		98F54143AB4E86B28C3AFEE0 /* Project object */ = {
			isa = PBXProject;
			attributes = {
				BuildIndependentTargetsInParallel = 1;
				LastSwiftUpdateCheck = 1600;
				LastUpgradeCheck = 1600;
				TargetAttributes = {
					7EC8F98B7A265120217712DE = {
						TestTargetID = 29C7B681C8D62CBAC94D51C0;
					};
				};
			};
			buildConfigurationList = 3D29D9F3A882C4202964FB56;
			compatibilityVersion = "Xcode 14.0";
			developmentRegion = en;
			hasScannedForEncodings = 0;
			knownRegions = (
				en,
				Base
			);
			mainGroup = ADCF10F76EBF2A74473E9DC4;
			productRefGroup = 00C45FD35CB0F9C5F764F070;
			projectDirPath = "";
			projectRoot = "";
			targets = (
				29C7B681C8D62CBAC94D51C0,
				7EC8F98B7A265120217712DE
			);
		};
	};
	rootObject = 98F54143AB4E86B28C3AFEE0 /* Project object */;
}
